// !$*UTF8*$!
{
	archiveVersion = 1;
	classes = {
	};
	objectVersion = 45;
	objects = {

/* Begin PBXBuildFile section */
		1D3623260D0F684500981E51 /* TableViewDataEntryAppDelegate.m in Sources */ = {isa = PBXBuildFile; fileRef = 1D3623250D0F684500981E51 /* TableViewDataEntryAppDelegate.m */; };
		1D60589B0D05DD56006BFB54 /* main.m in Sources */ = {isa = PBXBuildFile; fileRef = 29B97316FDCFA39411CA2CEA /* main.m */; };
		1D60589F0D05DD5A006BFB54 /* Foundation.framework in Frameworks */ = {isa = PBXBuildFile; fileRef = 1D30AB110D05D00D00671497 /* Foundation.framework */; };
		1DF5F4E00D08C38300B7A737 /* UIKit.framework in Frameworks */ = {isa = PBXBuildFile; fileRef = 1DF5F4DF0D08C38300B7A737 /* UIKit.framework */; };
		288765A50DF7441C002DB57D /* CoreGraphics.framework in Frameworks */ = {isa = PBXBuildFile; fileRef = 288765A40DF7441C002DB57D /* CoreGraphics.framework */; };
		28AD733F0D9D9553002E5188 /* MainWindow.xib in Resources */ = {isa = PBXBuildFile; fileRef = 28AD733E0D9D9553002E5188 /* MainWindow.xib */; };
		490877C7123A68BE00F83A95 /* TableViewController.xib in Resources */ = {isa = PBXBuildFile; fileRef = 490877C5123A68BE00F83A95 /* TableViewController.xib */; };
		4927181D1257395E0004F22B /* table-structure.plist in Resources */ = {isa = PBXBuildFile; fileRef = 4927181C1257395E0004F22B /* table-structure.plist */; };
		5F37C1F115DE3F0D00A3F7AE /* libUIXML.a in Frameworks */ = {isa = PBXBuildFile; fileRef = 5F37C1EE15DE3E6800A3F7AE /* libUIXML.a */; };
		5FC03895129747FB00EDC2F6 /* form-structure.plist in Resources */ = {isa = PBXBuildFile; fileRef = 5FC03894129747FB00EDC2F6 /* form-structure.plist */; };
		5FC0394012975E6500EDC2F6 /* FormViewController.m in Sources */ = {isa = PBXBuildFile; fileRef = 5FC0393F12975E6500EDC2F6 /* FormViewController.m */; };
		5FEA8E79142A878600C29208 /* UIKit.framework in Frameworks */ = {isa = PBXBuildFile; fileRef = 1DF5F4DF0D08C38300B7A737 /* UIKit.framework */; };
		5FEA8E7A142A878600C29208 /* Foundation.framework in Frameworks */ = {isa = PBXBuildFile; fileRef = 1D30AB110D05D00D00671497 /* Foundation.framework */; };
		5FEA8E7B142A878600C29208 /* CoreGraphics.framework in Frameworks */ = {isa = PBXBuildFile; fileRef = 288765A40DF7441C002DB57D /* CoreGraphics.framework */; };
		5FEA8E81142A878600C29208 /* InfoPlist.strings in Resources */ = {isa = PBXBuildFile; fileRef = 5FEA8E7F142A878600C29208 /* InfoPlist.strings */; };
		5FEA8E84142A878600C29208 /* TableViewDataEntryTests.h in Resources */ = {isa = PBXBuildFile; fileRef = 5FEA8E83142A878600C29208 /* TableViewDataEntryTests.h */; };
		5FEA8E86142A878600C29208 /* TableViewDataEntryTests.m in Sources */ = {isa = PBXBuildFile; fileRef = 5FEA8E85142A878600C29208 /* TableViewDataEntryTests.m */; };
		5FEA8E8C142A891A00C29208 /* FormData.m in Sources */ = {isa = PBXBuildFile; fileRef = A0DDC52312D4CF43002E78B6 /* FormData.m */; };
		A0163AEC141634630074E469 /* Localizable.strings in Resources */ = {isa = PBXBuildFile; fileRef = A0163AEA141634630074E469 /* Localizable.strings */; };
		A03A185F12AD32FC00DF2F05 /* form1-structure.plist in Resources */ = {isa = PBXBuildFile; fileRef = A03A185E12AD32FC00DF2F05 /* form1-structure.plist */; };
		A0BB5D2412D5F1CA00F7E563 /* GenderDataEntryCell.xib in Resources */ = {isa = PBXBuildFile; fileRef = A0BB5D2312D5F1CA00F7E563 /* GenderDataEntryCell.xib */; };
		A0DBDDE0140D340D00D5881D /* ListDataEntryCell.m in Sources */ = {isa = PBXBuildFile; fileRef = A0DBDDDE140D340C00D5881D /* ListDataEntryCell.m */; };
		A0DBDDE1140D340D00D5881D /* ListDataEntryCell.xib in Resources */ = {isa = PBXBuildFile; fileRef = A0DBDDDF140D340C00D5881D /* ListDataEntryCell.xib */; };
		A0DDC4FA12D4C7C4002E78B6 /* CoreData.framework in Frameworks */ = {isa = PBXBuildFile; fileRef = A0DDC4F912D4C7C4002E78B6 /* CoreData.framework */; };
		A0DDC52412D4CF43002E78B6 /* FormData.m in Sources */ = {isa = PBXBuildFile; fileRef = A0DDC52312D4CF43002E78B6 /* FormData.m */; };
/* End PBXBuildFile section */

/* Begin PBXContainerItemProxy section */
		5F37C1ED15DE3E6800A3F7AE /* PBXContainerItemProxy */ = {
			isa = PBXContainerItemProxy;
			containerPortal = 5F37C1E615DE3E6700A3F7AE /* UIXML.xcodeproj */;
			proxyType = 2;
			remoteGlobalIDString = D2AAC07E0554694100DB518D;
			remoteInfo = UIXML;
		};
		5F37C1EF15DE3F0800A3F7AE /* PBXContainerItemProxy */ = {
			isa = PBXContainerItemProxy;
			containerPortal = 5F37C1E615DE3E6700A3F7AE /* UIXML.xcodeproj */;
			proxyType = 1;
			remoteGlobalIDString = D2AAC07D0554694100DB518D;
			remoteInfo = UIXML;
		};
		5FEA8E8A142A882100C29208 /* PBXContainerItemProxy */ = {
			isa = PBXContainerItemProxy;
			containerPortal = 29B97313FDCFA39411CA2CEA /* Project object */;
			proxyType = 1;
			remoteGlobalIDString = 1D6058900D05DD3D006BFB54;
			remoteInfo = TableViewDataEntry;
		};
/* End PBXContainerItemProxy section */

/* Begin PBXFileReference section */
		1D30AB110D05D00D00671497 /* Foundation.framework */ = {isa = PBXFileReference; lastKnownFileType = wrapper.framework; name = Foundation.framework; path = System/Library/Frameworks/Foundation.framework; sourceTree = SDKROOT; };
		1D3623240D0F684500981E51 /* TableViewDataEntryAppDelegate.h */ = {isa = PBXFileReference; fileEncoding = 4; lastKnownFileType = sourcecode.c.h; path = TableViewDataEntryAppDelegate.h; sourceTree = "<group>"; };
		1D3623250D0F684500981E51 /* TableViewDataEntryAppDelegate.m */ = {isa = PBXFileReference; fileEncoding = 4; lastKnownFileType = sourcecode.c.objc; path = TableViewDataEntryAppDelegate.m; sourceTree = "<group>"; };
		1D6058910D05DD3D006BFB54 /* TableViewDataEntry.app */ = {isa = PBXFileReference; explicitFileType = wrapper.application; includeInIndex = 0; path = TableViewDataEntry.app; sourceTree = BUILT_PRODUCTS_DIR; };
		1DF5F4DF0D08C38300B7A737 /* UIKit.framework */ = {isa = PBXFileReference; lastKnownFileType = wrapper.framework; name = UIKit.framework; path = System/Library/Frameworks/UIKit.framework; sourceTree = SDKROOT; };
		288765A40DF7441C002DB57D /* CoreGraphics.framework */ = {isa = PBXFileReference; lastKnownFileType = wrapper.framework; name = CoreGraphics.framework; path = System/Library/Frameworks/CoreGraphics.framework; sourceTree = SDKROOT; };
		28AD733E0D9D9553002E5188 /* MainWindow.xib */ = {isa = PBXFileReference; lastKnownFileType = file.xib; path = MainWindow.xib; sourceTree = "<group>"; };
		29B97316FDCFA39411CA2CEA /* main.m */ = {isa = PBXFileReference; fileEncoding = 4; lastKnownFileType = sourcecode.c.objc; path = main.m; sourceTree = "<group>"; };
		32CA4F630368D1EE00C91783 /* TableViewDataEntry_Prefix.pch */ = {isa = PBXFileReference; fileEncoding = 4; lastKnownFileType = sourcecode.c.h; path = TableViewDataEntry_Prefix.pch; sourceTree = "<group>"; };
		490877C5123A68BE00F83A95 /* TableViewController.xib */ = {isa = PBXFileReference; lastKnownFileType = file.xib; name = TableViewController.xib; path = Classes/TableViewController.xib; sourceTree = "<group>"; };
		4927181C1257395E0004F22B /* table-structure.plist */ = {isa = PBXFileReference; fileEncoding = 4; lastKnownFileType = text.plist.xml; path = "table-structure.plist"; sourceTree = "<group>"; };
		5F37C1E615DE3E6700A3F7AE /* UIXML.xcodeproj */ = {isa = PBXFileReference; lastKnownFileType = "wrapper.pb-project"; name = UIXML.xcodeproj; path = ../UIXML.xcodeproj; sourceTree = "<group>"; };
		5FC03894129747FB00EDC2F6 /* form-structure.plist */ = {isa = PBXFileReference; fileEncoding = 4; lastKnownFileType = text.plist.xml; path = "form-structure.plist"; sourceTree = "<group>"; };
		5FC0393E12975E6500EDC2F6 /* FormViewController.h */ = {isa = PBXFileReference; fileEncoding = 4; lastKnownFileType = sourcecode.c.h; path = FormViewController.h; sourceTree = "<group>"; };
		5FC0393F12975E6500EDC2F6 /* FormViewController.m */ = {isa = PBXFileReference; fileEncoding = 4; lastKnownFileType = sourcecode.c.objc; path = FormViewController.m; sourceTree = "<group>"; };
		5FEA8E78142A878600C29208 /* TableViewDataEntryTests.octest */ = {isa = PBXFileReference; explicitFileType = wrapper.cfbundle; includeInIndex = 0; path = TableViewDataEntryTests.octest; sourceTree = BUILT_PRODUCTS_DIR; };
		5FEA8E7E142A878600C29208 /* TableViewDataEntryTests-Info.plist */ = {isa = PBXFileReference; lastKnownFileType = text.plist.xml; path = "TableViewDataEntryTests-Info.plist"; sourceTree = "<group>"; };
		5FEA8E80142A878600C29208 /* en */ = {isa = PBXFileReference; lastKnownFileType = text.plist.strings; name = en; path = en.lproj/InfoPlist.strings; sourceTree = "<group>"; };
		5FEA8E82142A878600C29208 /* TableViewDataEntryTests-Prefix.pch */ = {isa = PBXFileReference; lastKnownFileType = sourcecode.c.h; path = "TableViewDataEntryTests-Prefix.pch"; sourceTree = "<group>"; };
		5FEA8E83142A878600C29208 /* TableViewDataEntryTests.h */ = {isa = PBXFileReference; lastKnownFileType = sourcecode.c.h; path = TableViewDataEntryTests.h; sourceTree = "<group>"; };
		5FEA8E85142A878600C29208 /* TableViewDataEntryTests.m */ = {isa = PBXFileReference; lastKnownFileType = sourcecode.c.objc; path = TableViewDataEntryTests.m; sourceTree = "<group>"; };
		8D1107310486CEB800E47090 /* TableViewDataEntry-Info.plist */ = {isa = PBXFileReference; fileEncoding = 4; lastKnownFileType = text.plist.xml; path = "TableViewDataEntry-Info.plist"; plistStructureDefinitionIdentifier = "com.apple.xcode.plist.structure-definition.iphone.info-plist"; sourceTree = "<group>"; };
		A0163AEB141634630074E469 /* en */ = {isa = PBXFileReference; lastKnownFileType = text.plist.strings; name = en; path = en.lproj/Localizable.strings; sourceTree = "<group>"; };
		A03A185E12AD32FC00DF2F05 /* form1-structure.plist */ = {isa = PBXFileReference; fileEncoding = 4; lastKnownFileType = text.plist.xml; path = "form1-structure.plist"; sourceTree = "<group>"; };
		A0BB5D2312D5F1CA00F7E563 /* GenderDataEntryCell.xib */ = {isa = PBXFileReference; lastKnownFileType = file.xib; path = GenderDataEntryCell.xib; sourceTree = "<group>"; };
		A0DBDDDD140D340C00D5881D /* ListDataEntryCell.h */ = {isa = PBXFileReference; fileEncoding = 4; lastKnownFileType = sourcecode.c.h; path = ListDataEntryCell.h; sourceTree = "<group>"; };
		A0DBDDDE140D340C00D5881D /* ListDataEntryCell.m */ = {isa = PBXFileReference; fileEncoding = 4; lastKnownFileType = sourcecode.c.objc; path = ListDataEntryCell.m; sourceTree = "<group>"; };
		A0DBDDDF140D340C00D5881D /* ListDataEntryCell.xib */ = {isa = PBXFileReference; fileEncoding = 4; lastKnownFileType = file.xib; name = ListDataEntryCell.xib; path = Classes/ListDataEntryCell.xib; sourceTree = "<group>"; };
		A0DDC4F912D4C7C4002E78B6 /* CoreData.framework */ = {isa = PBXFileReference; lastKnownFileType = wrapper.framework; name = CoreData.framework; path = System/Library/Frameworks/CoreData.framework; sourceTree = SDKROOT; };
		A0DDC52212D4CF43002E78B6 /* FormData.h */ = {isa = PBXFileReference; fileEncoding = 4; lastKnownFileType = sourcecode.c.h; path = FormData.h; sourceTree = "<group>"; };
		A0DDC52312D4CF43002E78B6 /* FormData.m */ = {isa = PBXFileReference; fileEncoding = 4; lastKnownFileType = sourcecode.c.objc; path = FormData.m; sourceTree = "<group>"; };
/* End PBXFileReference section */

/* Begin PBXFrameworksBuildPhase section */
		1D60588F0D05DD3D006BFB54 /* Frameworks */ = {
			isa = PBXFrameworksBuildPhase;
			buildActionMask = 2147483647;
			files = (
				5F37C1F115DE3F0D00A3F7AE /* libUIXML.a in Frameworks */,
				1D60589F0D05DD5A006BFB54 /* Foundation.framework in Frameworks */,
				1DF5F4E00D08C38300B7A737 /* UIKit.framework in Frameworks */,
				288765A50DF7441C002DB57D /* CoreGraphics.framework in Frameworks */,
				A0DDC4FA12D4C7C4002E78B6 /* CoreData.framework in Frameworks */,
			);
			runOnlyForDeploymentPostprocessing = 0;
		};
		5FEA8E74142A878600C29208 /* Frameworks */ = {
			isa = PBXFrameworksBuildPhase;
			buildActionMask = 2147483647;
			files = (
				5FEA8E79142A878600C29208 /* UIKit.framework in Frameworks */,
				5FEA8E7A142A878600C29208 /* Foundation.framework in Frameworks */,
				5FEA8E7B142A878600C29208 /* CoreGraphics.framework in Frameworks */,
			);
			runOnlyForDeploymentPostprocessing = 0;
		};
/* End PBXFrameworksBuildPhase section */

/* Begin PBXGroup section */
		080E96DDFE201D6D7F000001 /* Classes */ = {
			isa = PBXGroup;
			children = (
				A0DBDDDD140D340C00D5881D /* ListDataEntryCell.h */,
				A0DBDDDE140D340C00D5881D /* ListDataEntryCell.m */,
				1D3623240D0F684500981E51 /* TableViewDataEntryAppDelegate.h */,
				1D3623250D0F684500981E51 /* TableViewDataEntryAppDelegate.m */,
				5FC0393E12975E6500EDC2F6 /* FormViewController.h */,
				5FC0393F12975E6500EDC2F6 /* FormViewController.m */,
				A0DDC52212D4CF43002E78B6 /* FormData.h */,
				A0DDC52312D4CF43002E78B6 /* FormData.m */,
			);
			path = Classes;
			sourceTree = "<group>";
		};
		19C28FACFE9D520D11CA2CBB /* Products */ = {
			isa = PBXGroup;
			children = (
				1D6058910D05DD3D006BFB54 /* TableViewDataEntry.app */,
				5FEA8E78142A878600C29208 /* TableViewDataEntryTests.octest */,
			);
			name = Products;
			sourceTree = "<group>";
		};
		29B97314FDCFA39411CA2CEA /* CustomTemplate */ = {
			isa = PBXGroup;
			children = (
				5F37C1E615DE3E6700A3F7AE /* UIXML.xcodeproj */,
				A0163AED141634AD0074E469 /* en */,
				080E96DDFE201D6D7F000001 /* Classes */,
				29B97315FDCFA39411CA2CEA /* Other Sources */,
				29B97317FDCFA39411CA2CEA /* Resources */,
				5FEA8E7C142A878600C29208 /* TableViewDataEntryTests */,
				29B97323FDCFA39411CA2CEA /* Frameworks */,
				19C28FACFE9D520D11CA2CBB /* Products */,
			);
			name = CustomTemplate;
			sourceTree = "<group>";
		};
		29B97315FDCFA39411CA2CEA /* Other Sources */ = {
			isa = PBXGroup;
			children = (
				32CA4F630368D1EE00C91783 /* TableViewDataEntry_Prefix.pch */,
				29B97316FDCFA39411CA2CEA /* main.m */,
			);
			name = "Other Sources";
			sourceTree = "<group>";
		};
		29B97317FDCFA39411CA2CEA /* Resources */ = {
			isa = PBXGroup;
			children = (
				A0DBDDDF140D340C00D5881D /* ListDataEntryCell.xib */,
				A0BB5D2312D5F1CA00F7E563 /* GenderDataEntryCell.xib */,
				A03A185E12AD32FC00DF2F05 /* form1-structure.plist */,
				490877C5123A68BE00F83A95 /* TableViewController.xib */,
				28AD733E0D9D9553002E5188 /* MainWindow.xib */,
				8D1107310486CEB800E47090 /* TableViewDataEntry-Info.plist */,
				4927181C1257395E0004F22B /* table-structure.plist */,
				5FC03894129747FB00EDC2F6 /* form-structure.plist */,
			);
			name = Resources;
			sourceTree = "<group>";
		};
		29B97323FDCFA39411CA2CEA /* Frameworks */ = {
			isa = PBXGroup;
			children = (
				1DF5F4DF0D08C38300B7A737 /* UIKit.framework */,
				1D30AB110D05D00D00671497 /* Foundation.framework */,
				288765A40DF7441C002DB57D /* CoreGraphics.framework */,
				A0DDC4F912D4C7C4002E78B6 /* CoreData.framework */,
			);
			name = Frameworks;
			sourceTree = "<group>";
		};
		5F37C1E715DE3E6700A3F7AE /* Products */ = {
			isa = PBXGroup;
			children = (
				5F37C1EE15DE3E6800A3F7AE /* libUIXML.a */,
			);
			name = Products;
			sourceTree = "<group>";
		};
		5FEA8E7C142A878600C29208 /* TableViewDataEntryTests */ = {
			isa = PBXGroup;
			children = (
				5FEA8E83142A878600C29208 /* TableViewDataEntryTests.h */,
				5FEA8E85142A878600C29208 /* TableViewDataEntryTests.m */,
				5FEA8E7D142A878600C29208 /* Supporting Files */,
			);
			path = TableViewDataEntryTests;
			sourceTree = "<group>";
		};
		5FEA8E7D142A878600C29208 /* Supporting Files */ = {
			isa = PBXGroup;
			children = (
				5FEA8E7E142A878600C29208 /* TableViewDataEntryTests-Info.plist */,
				5FEA8E7F142A878600C29208 /* InfoPlist.strings */,
				5FEA8E82142A878600C29208 /* TableViewDataEntryTests-Prefix.pch */,
			);
			name = "Supporting Files";
			sourceTree = "<group>";
		};
		A0163AED141634AD0074E469 /* en */ = {
			isa = PBXGroup;
			children = (
				A0163AEA141634630074E469 /* Localizable.strings */,
			);
			name = en;
			sourceTree = "<group>";
		};
/* End PBXGroup section */

/* Begin PBXNativeTarget section */
		1D6058900D05DD3D006BFB54 /* TableViewDataEntry */ = {
			isa = PBXNativeTarget;
			buildConfigurationList = 1D6058960D05DD3E006BFB54 /* Build configuration list for PBXNativeTarget "TableViewDataEntry" */;
			buildPhases = (
				1D60588D0D05DD3D006BFB54 /* Resources */,
				1D60588E0D05DD3D006BFB54 /* Sources */,
				1D60588F0D05DD3D006BFB54 /* Frameworks */,
			);
			buildRules = (
			);
			dependencies = (
				5F37C1F015DE3F0800A3F7AE /* PBXTargetDependency */,
			);
			name = TableViewDataEntry;
			productName = TableViewDataEntry;
			productReference = 1D6058910D05DD3D006BFB54 /* TableViewDataEntry.app */;
			productType = "com.apple.product-type.application";
		};
		5FEA8E77142A878600C29208 /* TableViewDataEntryTests */ = {
			isa = PBXNativeTarget;
			buildConfigurationList = 5FEA8E89142A878600C29208 /* Build configuration list for PBXNativeTarget "TableViewDataEntryTests" */;
			buildPhases = (
				5FEA8E73142A878600C29208 /* Sources */,
				5FEA8E74142A878600C29208 /* Frameworks */,
				5FEA8E75142A878600C29208 /* Resources */,
				5FEA8E76142A878600C29208 /* ShellScript */,
			);
			buildRules = (
			);
			dependencies = (
				5FEA8E8B142A882100C29208 /* PBXTargetDependency */,
			);
			name = TableViewDataEntryTests;
			productName = TableViewDataEntryTests;
			productReference = 5FEA8E78142A878600C29208 /* TableViewDataEntryTests.octest */;
			productType = "com.apple.product-type.bundle";
		};
/* End PBXNativeTarget section */

/* Begin PBXProject section */
		29B97313FDCFA39411CA2CEA /* Project object */ = {
			isa = PBXProject;
			buildConfigurationList = C01FCF4E08A954540054247B /* Build configuration list for PBXProject "TableViewDataEntry" */;
			compatibilityVersion = "Xcode 3.1";
			developmentRegion = English;
			hasScannedForEncodings = 1;
			knownRegions = (
				English,
				Japanese,
				French,
				German,
				en,
			);
			mainGroup = 29B97314FDCFA39411CA2CEA /* CustomTemplate */;
			projectDirPath = "";
			projectReferences = (
				{
					ProductGroup = 5F37C1E715DE3E6700A3F7AE /* Products */;
					ProjectRef = 5F37C1E615DE3E6700A3F7AE /* UIXML.xcodeproj */;
				},
			);
			projectRoot = "";
			targets = (
				1D6058900D05DD3D006BFB54 /* TableViewDataEntry */,
				5FEA8E77142A878600C29208 /* TableViewDataEntryTests */,
			);
		};
/* End PBXProject section */

/* Begin PBXReferenceProxy section */
		5F37C1EE15DE3E6800A3F7AE /* libUIXML.a */ = {
			isa = PBXReferenceProxy;
			fileType = archive.ar;
			path = libUIXML.a;
			remoteRef = 5F37C1ED15DE3E6800A3F7AE /* PBXContainerItemProxy */;
			sourceTree = BUILT_PRODUCTS_DIR;
		};
/* End PBXReferenceProxy section */

/* Begin PBXResourcesBuildPhase section */
		1D60588D0D05DD3D006BFB54 /* Resources */ = {
			isa = PBXResourcesBuildPhase;
			buildActionMask = 2147483647;
			files = (
				28AD733F0D9D9553002E5188 /* MainWindow.xib in Resources */,
				490877C7123A68BE00F83A95 /* TableViewController.xib in Resources */,
				4927181D1257395E0004F22B /* table-structure.plist in Resources */,
				5FC03895129747FB00EDC2F6 /* form-structure.plist in Resources */,
				A03A185F12AD32FC00DF2F05 /* form1-structure.plist in Resources */,
				A0BB5D2412D5F1CA00F7E563 /* GenderDataEntryCell.xib in Resources */,
				A0DBDDE1140D340D00D5881D /* ListDataEntryCell.xib in Resources */,
				A0163AEC141634630074E469 /* Localizable.strings in Resources */,
			);
			runOnlyForDeploymentPostprocessing = 0;
		};
		5FEA8E75142A878600C29208 /* Resources */ = {
			isa = PBXResourcesBuildPhase;
			buildActionMask = 2147483647;
			files = (
				5FEA8E81142A878600C29208 /* InfoPlist.strings in Resources */,
				5FEA8E84142A878600C29208 /* TableViewDataEntryTests.h in Resources */,
			);
			runOnlyForDeploymentPostprocessing = 0;
		};
/* End PBXResourcesBuildPhase section */

/* Begin PBXShellScriptBuildPhase section */
		5FEA8E76142A878600C29208 /* ShellScript */ = {
			isa = PBXShellScriptBuildPhase;
			buildActionMask = 2147483647;
			files = (
			);
			inputPaths = (
			);
			outputPaths = (
			);
			runOnlyForDeploymentPostprocessing = 0;
			shellPath = /bin/sh;
			shellScript = "# Run the unit tests in this test bundle.\n\"${SYSTEM_DEVELOPER_DIR}/Tools/RunUnitTests\"\n";
		};
/* End PBXShellScriptBuildPhase section */

/* Begin PBXSourcesBuildPhase section */
		1D60588E0D05DD3D006BFB54 /* Sources */ = {
			isa = PBXSourcesBuildPhase;
			buildActionMask = 2147483647;
			files = (
				1D60589B0D05DD56006BFB54 /* main.m in Sources */,
				1D3623260D0F684500981E51 /* TableViewDataEntryAppDelegate.m in Sources */,
				5FC0394012975E6500EDC2F6 /* FormViewController.m in Sources */,
				A0DDC52412D4CF43002E78B6 /* FormData.m in Sources */,
				A0DBDDE0140D340D00D5881D /* ListDataEntryCell.m in Sources */,
			);
			runOnlyForDeploymentPostprocessing = 0;
		};
		5FEA8E73142A878600C29208 /* Sources */ = {
			isa = PBXSourcesBuildPhase;
			buildActionMask = 2147483647;
			files = (
				5FEA8E8C142A891A00C29208 /* FormData.m in Sources */,
				5FEA8E86142A878600C29208 /* TableViewDataEntryTests.m in Sources */,
			);
			runOnlyForDeploymentPostprocessing = 0;
		};
/* End PBXSourcesBuildPhase section */

/* Begin PBXTargetDependency section */
		5F37C1F015DE3F0800A3F7AE /* PBXTargetDependency */ = {
			isa = PBXTargetDependency;
			name = UIXML;
			targetProxy = 5F37C1EF15DE3F0800A3F7AE /* PBXContainerItemProxy */;
		};
		5FEA8E8B142A882100C29208 /* PBXTargetDependency */ = {
			isa = PBXTargetDependency;
			target = 1D6058900D05DD3D006BFB54 /* TableViewDataEntry */;
			targetProxy = 5FEA8E8A142A882100C29208 /* PBXContainerItemProxy */;
		};
/* End PBXTargetDependency section */

/* Begin PBXVariantGroup section */
		5FEA8E7F142A878600C29208 /* InfoPlist.strings */ = {
			isa = PBXVariantGroup;
			children = (
				5FEA8E80142A878600C29208 /* en */,
			);
			name = InfoPlist.strings;
			sourceTree = "<group>";
		};
		A0163AEA141634630074E469 /* Localizable.strings */ = {
			isa = PBXVariantGroup;
			children = (
				A0163AEB141634630074E469 /* en */,
			);
			name = Localizable.strings;
			sourceTree = "<group>";
		};
/* End PBXVariantGroup section */

/* Begin XCBuildConfiguration section */
		1D6058940D05DD3E006BFB54 /* Debug */ = {
			isa = XCBuildConfiguration;
			buildSettings = {
				ALWAYS_SEARCH_USER_PATHS = NO;
				CLANG_ENABLE_OBJC_ARC = YES;
				CLANG_WARN_OBJCPP_ARC_ABI = YES;
				COPY_PHASE_STRIP = NO;
				GCC_DYNAMIC_NO_PIC = NO;
				GCC_OPTIMIZATION_LEVEL = 0;
				GCC_PRECOMPILE_PREFIX_HEADER = YES;
				GCC_PREFIX_HEADER = TableViewDataEntry_Prefix.pch;
				HEADER_SEARCH_PATHS = ..;
				INFOPLIST_FILE = "TableViewDataEntry-Info.plist";
				LIBRARY_SEARCH_PATHS = "$(inherited)";
				OTHER_LDFLAGS = (
					"-all_load",
					"-ObjC",
				);
				PRODUCT_NAME = TableViewDataEntry;
			};
			name = Debug;
		};
		1D6058950D05DD3E006BFB54 /* Release */ = {
			isa = XCBuildConfiguration;
			buildSettings = {
				ALWAYS_SEARCH_USER_PATHS = NO;
				CLANG_ENABLE_OBJC_ARC = YES;
				CLANG_WARN_OBJCPP_ARC_ABI = YES;
				COPY_PHASE_STRIP = YES;
				GCC_PRECOMPILE_PREFIX_HEADER = YES;
				GCC_PREFIX_HEADER = TableViewDataEntry_Prefix.pch;
				HEADER_SEARCH_PATHS = ..;
				INFOPLIST_FILE = "TableViewDataEntry-Info.plist";
				LIBRARY_SEARCH_PATHS = "$(inherited)";
				OTHER_LDFLAGS = (
					"-all_load",
					"-ObjC",
				);
				PRODUCT_NAME = TableViewDataEntry;
				VALIDATE_PRODUCT = YES;
			};
			name = Release;
		};
		5FEA8E87142A878600C29208 /* Debug */ = {
			isa = XCBuildConfiguration;
			buildSettings = {
				ALWAYS_SEARCH_USER_PATHS = NO;
				FRAMEWORK_SEARCH_PATHS = (
					"$(SDKROOT)/Developer/Library/Frameworks",
					"$(DEVELOPER_LIBRARY_DIR)/Frameworks",
				);
				GCC_C_LANGUAGE_STANDARD = gnu99;
				GCC_OPTIMIZATION_LEVEL = 0;
				GCC_PRECOMPILE_PREFIX_HEADER = YES;
				GCC_PREFIX_HEADER = "TableViewDataEntryTests/TableViewDataEntryTests-Prefix.pch";
				GCC_PREPROCESSOR_DEFINITIONS = DEBUG;
				GCC_SYMBOLS_PRIVATE_EXTERN = NO;
				GCC_VERSION = com.apple.compilers.llvmgcc42;
				INFOPLIST_FILE = "TableViewDataEntryTests/TableViewDataEntryTests-Info.plist";
				IPHONEOS_DEPLOYMENT_TARGET = 4.3;
				OTHER_LDFLAGS = (
					"-framework",
					SenTestingKit,
				);
				PRODUCT_NAME = "$(TARGET_NAME)";
				SDKROOT = iphoneos;
				WRAPPER_EXTENSION = octest;
			};
			name = Debug;
		};
		5FEA8E88142A878600C29208 /* Release */ = {
			isa = XCBuildConfiguration;
			buildSettings = {
				ALWAYS_SEARCH_USER_PATHS = NO;
				FRAMEWORK_SEARCH_PATHS = (
					"$(SDKROOT)/Developer/Library/Frameworks",
					"$(DEVELOPER_LIBRARY_DIR)/Frameworks",
				);
				GCC_C_LANGUAGE_STANDARD = gnu99;
				GCC_PRECOMPILE_PREFIX_HEADER = YES;
				GCC_PREFIX_HEADER = "TableViewDataEntryTests/TableViewDataEntryTests-Prefix.pch";
				GCC_VERSION = com.apple.compilers.llvmgcc42;
				INFOPLIST_FILE = "TableViewDataEntryTests/TableViewDataEntryTests-Info.plist";
				IPHONEOS_DEPLOYMENT_TARGET = 4.3;
				OTHER_LDFLAGS = (
					"-framework",
					SenTestingKit,
				);
				PRODUCT_NAME = "$(TARGET_NAME)";
				SDKROOT = iphoneos;
				WRAPPER_EXTENSION = octest;
			};
			name = Release;
		};
		C01FCF4F08A954540054247B /* Debug */ = {
			isa = XCBuildConfiguration;
			buildSettings = {
				ARCHS = "$(ARCHS_STANDARD_32_BIT)";
				CLANG_ENABLE_OBJC_ARC = YES;
				CLANG_WARN_OBJCPP_ARC_ABI = YES;
				"CODE_SIGN_IDENTITY[sdk=iphoneos*]" = "iPhone Developer";
				GCC_C_LANGUAGE_STANDARD = c99;
				GCC_WARN_ABOUT_RETURN_TYPE = YES;
				GCC_WARN_UNUSED_VARIABLE = YES;
				PREBINDING = NO;
				SDKROOT = iphoneos;
			};
			name = Debug;
		};
		C01FCF5008A954540054247B /* Release */ = {
			isa = XCBuildConfiguration;
			buildSettings = {
				ARCHS = "$(ARCHS_STANDARD_32_BIT)";
				CLANG_ENABLE_OBJC_ARC = YES;
				CLANG_WARN_OBJCPP_ARC_ABI = YES;
				"CODE_SIGN_IDENTITY[sdk=iphoneos*]" = "iPhone Developer";
				GCC_C_LANGUAGE_STANDARD = c99;
				GCC_WARN_ABOUT_RETURN_TYPE = YES;
				GCC_WARN_UNUSED_VARIABLE = YES;
				OTHER_CFLAGS = "-DNS_BLOCK_ASSERTIONS=1";
				PREBINDING = NO;
				SDKROOT = iphoneos;
			};
			name = Release;
		};
/* End XCBuildConfiguration section */

/* Begin XCConfigurationList section */
		1D6058960D05DD3E006BFB54 /* Build configuration list for PBXNativeTarget "TableViewDataEntry" */ = {
			isa = XCConfigurationList;
			buildConfigurations = (
				1D6058940D05DD3E006BFB54 /* Debug */,
				1D6058950D05DD3E006BFB54 /* Release */,
			);
			defaultConfigurationIsVisible = 0;
			defaultConfigurationName = Release;
		};
		5FEA8E89142A878600C29208 /* Build configuration list for PBXNativeTarget "TableViewDataEntryTests" */ = {
			isa = XCConfigurationList;
			buildConfigurations = (
				5FEA8E87142A878600C29208 /* Debug */,
				5FEA8E88142A878600C29208 /* Release */,
			);
			defaultConfigurationIsVisible = 0;
			defaultConfigurationName = Release;
		};
		C01FCF4E08A954540054247B /* Build configuration list for PBXProject "TableViewDataEntry" */ = {
			isa = XCConfigurationList;
			buildConfigurations = (
				C01FCF4F08A954540054247B /* Debug */,
				C01FCF5008A954540054247B /* Release */,
			);
			defaultConfigurationIsVisible = 0;
			defaultConfigurationName = Release;
		};
/* End XCConfigurationList section */
	};
	rootObject = 29B97313FDCFA39411CA2CEA /* Project object */;
}
