// !$*UTF8*$!
{
	archiveVersion = 1;
	classes = {
	};
	objectVersion = 46;
	objects = {

/* Begin PBXBuildFile section */
		5F37C20215DE403500A3F7AE /* UIKit.framework in Frameworks */ = {isa = PBXBuildFile; fileRef = 5F37C20115DE403500A3F7AE /* UIKit.framework */; };
		5F37C20415DE403500A3F7AE /* Foundation.framework in Frameworks */ = {isa = PBXBuildFile; fileRef = 5F37C20315DE403500A3F7AE /* Foundation.framework */; };
		5F37C20615DE403500A3F7AE /* CoreGraphics.framework in Frameworks */ = {isa = PBXBuildFile; fileRef = 5F37C20515DE403500A3F7AE /* CoreGraphics.framework */; };
		5F37C20C15DE403500A3F7AE /* InfoPlist.strings in Resources */ = {isa = PBXBuildFile; fileRef = 5F37C20A15DE403500A3F7AE /* InfoPlist.strings */; };
		5F37C20E15DE403500A3F7AE /* main.m in Sources */ = {isa = PBXBuildFile; fileRef = 5F37C20D15DE403500A3F7AE /* main.m */; };
		5F37C21A15DE403500A3F7AE /* SenTestingKit.framework in Frameworks */ = {isa = PBXBuildFile; fileRef = 5F37C21915DE403500A3F7AE /* SenTestingKit.framework */; };
		5F37C21B15DE403500A3F7AE /* UIKit.framework in Frameworks */ = {isa = PBXBuildFile; fileRef = 5F37C20115DE403500A3F7AE /* UIKit.framework */; };
		5F37C21C15DE403500A3F7AE /* Foundation.framework in Frameworks */ = {isa = PBXBuildFile; fileRef = 5F37C20315DE403500A3F7AE /* Foundation.framework */; };
		5F37C22415DE403500A3F7AE /* InfoPlist.strings in Resources */ = {isa = PBXBuildFile; fileRef = 5F37C22215DE403500A3F7AE /* InfoPlist.strings */; };
		5F37C22715DE403500A3F7AE /* UIXMLSamplesTests.m in Sources */ = {isa = PBXBuildFile; fileRef = 5F37C22615DE403500A3F7AE /* UIXMLSamplesTests.m */; };
		A025092215E53CF2009F2C59 /* back24x24.png in Resources */ = {isa = PBXBuildFile; fileRef = A025091E15E53CF2009F2C59 /* back24x24.png */; };
		A025092315E53CF2009F2C59 /* confirm24x24.png in Resources */ = {isa = PBXBuildFile; fileRef = A025091F15E53CF2009F2C59 /* confirm24x24.png */; };
		A025092415E53CF2009F2C59 /* edit32x32.png in Resources */ = {isa = PBXBuildFile; fileRef = A025092015E53CF2009F2C59 /* edit32x32.png */; };
		A025092515E53CF2009F2C59 /* write32x32.png in Resources */ = {isa = PBXBuildFile; fileRef = A025092115E53CF2009F2C59 /* write32x32.png */; };
		A026075F15DE921D009B2F72 /* PushTextEntryCell.xib in Resources */ = {isa = PBXBuildFile; fileRef = A026075715DE921D009B2F72 /* PushTextEntryCell.xib */; };
		A026076015DE921D009B2F72 /* PushDateEntryCell.xib in Resources */ = {isa = PBXBuildFile; fileRef = A026075815DE921D009B2F72 /* PushDateEntryCell.xib */; };
		A026076115DE921D009B2F72 /* PushWebViewEntryCell.xib in Resources */ = {isa = PBXBuildFile; fileRef = A026075915DE921D009B2F72 /* PushWebViewEntryCell.xib */; };
		A026076215DE921D009B2F72 /* DefaultHeaderInSection.xib in Resources */ = {isa = PBXBuildFile; fileRef = A026075A15DE921D009B2F72 /* DefaultHeaderInSection.xib */; };
		A026076315DE921D009B2F72 /* MailDataEntryCell.xib in Resources */ = {isa = PBXBuildFile; fileRef = A026075B15DE921D009B2F72 /* MailDataEntryCell.xib */; };
		A026076415DE921D009B2F72 /* PushFormDataEntryCell.xib in Resources */ = {isa = PBXBuildFile; fileRef = A026075C15DE921D009B2F72 /* PushFormDataEntryCell.xib */; };
		A026076515DE921D009B2F72 /* SwitchDataEntryCell.xib in Resources */ = {isa = PBXBuildFile; fileRef = A026075D15DE921D009B2F72 /* SwitchDataEntryCell.xib */; };
		A026076615DE921D009B2F72 /* TextDataEntryCell.xib in Resources */ = {isa = PBXBuildFile; fileRef = A026075E15DE921D009B2F72 /* TextDataEntryCell.xib */; };
		A05C6B2E15DE403F00362113 /* FormData.m in Sources */ = {isa = PBXBuildFile; fileRef = A05C6B2315DE403F00362113 /* FormData.m */; };
		A05C6B2F15DE403F00362113 /* FormViewController.m in Sources */ = {isa = PBXBuildFile; fileRef = A05C6B2515DE403F00362113 /* FormViewController.m */; };
		A05C6B3015DE403F00362113 /* ListDataEntryCell.m in Sources */ = {isa = PBXBuildFile; fileRef = A05C6B2715DE403F00362113 /* ListDataEntryCell.m */; };
		A05C6B3115DE403F00362113 /* ListDataEntryCell.xib in Resources */ = {isa = PBXBuildFile; fileRef = A05C6B2815DE403F00362113 /* ListDataEntryCell.xib */; };
		A05C6B3215DE403F00362113 /* RowSpanDataEntryCell.m in Sources */ = {isa = PBXBuildFile; fileRef = A05C6B2A15DE403F00362113 /* RowSpanDataEntryCell.m */; };
		A05C6B3315DE403F00362113 /* TableViewController.xib in Resources */ = {isa = PBXBuildFile; fileRef = A05C6B2B15DE403F00362113 /* TableViewController.xib */; };
		A05C6B3415DE403F00362113 /* UIXMLAppDelegate.m in Sources */ = {isa = PBXBuildFile; fileRef = A05C6B2D15DE403F00362113 /* UIXMLAppDelegate.m */; };
		A05C6B3815DE418000362113 /* RowSpanDataEntryCell.xib in Resources */ = {isa = PBXBuildFile; fileRef = A05C6B3715DE418000362113 /* RowSpanDataEntryCell.xib */; };
		A05C6B3E15DE41FB00362113 /* form-structure.plist in Resources */ = {isa = PBXBuildFile; fileRef = A05C6B3915DE41FB00362113 /* form-structure.plist */; };
		A05C6B3F15DE41FB00362113 /* form1-structure.plist in Resources */ = {isa = PBXBuildFile; fileRef = A05C6B3A15DE41FB00362113 /* form1-structure.plist */; };
		A05C6B4015DE41FB00362113 /* table-structure.plist in Resources */ = {isa = PBXBuildFile; fileRef = A05C6B3B15DE41FB00362113 /* table-structure.plist */; };
		A05C6B4115DE41FB00362113 /* GenderDataEntryCell.xib in Resources */ = {isa = PBXBuildFile; fileRef = A05C6B3C15DE41FB00362113 /* GenderDataEntryCell.xib */; };
		A05C6B4215DE41FB00362113 /* MainWindow.xib in Resources */ = {isa = PBXBuildFile; fileRef = A05C6B3D15DE41FB00362113 /* MainWindow.xib */; };
		A05C6B5715DE434B00362113 /* Localizable.strings in Resources */ = {isa = PBXBuildFile; fileRef = A05C6B5415DE434B00362113 /* Localizable.strings */; };
		A082BB8515DE4689004C37BC /* RowSpanForm.plist in Resources */ = {isa = PBXBuildFile; fileRef = A082BB8315DE4689004C37BC /* RowSpanForm.plist */; };
		A0840A9415DE4450001C08EC /* libUIXML.a in Frameworks */ = {isa = PBXBuildFile; fileRef = A0840A9015DE440D001C08EC /* libUIXML.a */; };
/* End PBXBuildFile section */

/* Begin PBXContainerItemProxy section */
		5F37C21D15DE403500A3F7AE /* PBXContainerItemProxy */ = {
			isa = PBXContainerItemProxy;
			containerPortal = 5F37C1F415DE403500A3F7AE /* Project object */;
			proxyType = 1;
			remoteGlobalIDString = 5F37C1FC15DE403500A3F7AE;
			remoteInfo = UIXMLSamples;
		};
		A0840A8F15DE440D001C08EC /* PBXContainerItemProxy */ = {
			isa = PBXContainerItemProxy;
			containerPortal = A0840A8515DE440C001C08EC /* UIXML.xcodeproj */;
			proxyType = 2;
			remoteGlobalIDString = D2AAC07E0554694100DB518D;
			remoteInfo = UIXML;
		};
		A0840A9215DE4422001C08EC /* PBXContainerItemProxy */ = {
			isa = PBXContainerItemProxy;
			containerPortal = A0840A8515DE440C001C08EC /* UIXML.xcodeproj */;
			proxyType = 1;
			remoteGlobalIDString = D2AAC07D0554694100DB518D;
			remoteInfo = UIXML;
		};
/* End PBXContainerItemProxy section */

/* Begin PBXFileReference section */
		5F37C1FD15DE403500A3F7AE /* UIXMLSamples.app */ = {isa = PBXFileReference; explicitFileType = wrapper.application; includeInIndex = 0; path = UIXMLSamples.app; sourceTree = BUILT_PRODUCTS_DIR; };
		5F37C20115DE403500A3F7AE /* UIKit.framework */ = {isa = PBXFileReference; lastKnownFileType = wrapper.framework; name = UIKit.framework; path = System/Library/Frameworks/UIKit.framework; sourceTree = SDKROOT; };
		5F37C20315DE403500A3F7AE /* Foundation.framework */ = {isa = PBXFileReference; lastKnownFileType = wrapper.framework; name = Foundation.framework; path = System/Library/Frameworks/Foundation.framework; sourceTree = SDKROOT; };
		5F37C20515DE403500A3F7AE /* CoreGraphics.framework */ = {isa = PBXFileReference; lastKnownFileType = wrapper.framework; name = CoreGraphics.framework; path = System/Library/Frameworks/CoreGraphics.framework; sourceTree = SDKROOT; };
		5F37C20915DE403500A3F7AE /* UIXMLSamples-Info.plist */ = {isa = PBXFileReference; lastKnownFileType = text.plist.xml; path = "UIXMLSamples-Info.plist"; sourceTree = "<group>"; };
		5F37C20B15DE403500A3F7AE /* en */ = {isa = PBXFileReference; lastKnownFileType = text.plist.strings; name = en; path = en.lproj/InfoPlist.strings; sourceTree = "<group>"; };
		5F37C20D15DE403500A3F7AE /* main.m */ = {isa = PBXFileReference; lastKnownFileType = sourcecode.c.objc; path = main.m; sourceTree = "<group>"; };
		5F37C20F15DE403500A3F7AE /* UIXMLSamples-Prefix.pch */ = {isa = PBXFileReference; lastKnownFileType = sourcecode.c.h; path = "UIXMLSamples-Prefix.pch"; sourceTree = "<group>"; };
		5F37C21815DE403500A3F7AE /* UIXMLSamplesTests.octest */ = {isa = PBXFileReference; explicitFileType = wrapper.cfbundle; includeInIndex = 0; path = UIXMLSamplesTests.octest; sourceTree = BUILT_PRODUCTS_DIR; };
		5F37C21915DE403500A3F7AE /* SenTestingKit.framework */ = {isa = PBXFileReference; lastKnownFileType = wrapper.framework; name = SenTestingKit.framework; path = Library/Frameworks/SenTestingKit.framework; sourceTree = DEVELOPER_DIR; };
		5F37C22115DE403500A3F7AE /* UIXMLSamplesTests-Info.plist */ = {isa = PBXFileReference; lastKnownFileType = text.plist.xml; path = "UIXMLSamplesTests-Info.plist"; sourceTree = "<group>"; };
		5F37C22315DE403500A3F7AE /* en */ = {isa = PBXFileReference; lastKnownFileType = text.plist.strings; name = en; path = en.lproj/InfoPlist.strings; sourceTree = "<group>"; };
		5F37C22515DE403500A3F7AE /* UIXMLSamplesTests.h */ = {isa = PBXFileReference; lastKnownFileType = sourcecode.c.h; path = UIXMLSamplesTests.h; sourceTree = "<group>"; };
		5F37C22615DE403500A3F7AE /* UIXMLSamplesTests.m */ = {isa = PBXFileReference; lastKnownFileType = sourcecode.c.objc; path = UIXMLSamplesTests.m; sourceTree = "<group>"; };
		A025091E15E53CF2009F2C59 /* back24x24.png */ = {isa = PBXFileReference; lastKnownFileType = image.png; name = back24x24.png; path = ../back24x24.png; sourceTree = "<group>"; };
		A025091F15E53CF2009F2C59 /* confirm24x24.png */ = {isa = PBXFileReference; lastKnownFileType = image.png; name = confirm24x24.png; path = ../confirm24x24.png; sourceTree = "<group>"; };
		A025092015E53CF2009F2C59 /* edit32x32.png */ = {isa = PBXFileReference; lastKnownFileType = image.png; name = edit32x32.png; path = ../edit32x32.png; sourceTree = "<group>"; };
		A025092115E53CF2009F2C59 /* write32x32.png */ = {isa = PBXFileReference; lastKnownFileType = image.png; name = write32x32.png; path = ../write32x32.png; sourceTree = "<group>"; };
		A026075715DE921D009B2F72 /* PushTextEntryCell.xib */ = {isa = PBXFileReference; fileEncoding = 4; lastKnownFileType = file.xib; name = PushTextEntryCell.xib; path = ../PushTextEntryCell.xib; sourceTree = "<group>"; };
		A026075815DE921D009B2F72 /* PushDateEntryCell.xib */ = {isa = PBXFileReference; fileEncoding = 4; lastKnownFileType = file.xib; name = PushDateEntryCell.xib; path = ../PushDateEntryCell.xib; sourceTree = "<group>"; };
		A026075915DE921D009B2F72 /* PushWebViewEntryCell.xib */ = {isa = PBXFileReference; fileEncoding = 4; lastKnownFileType = file.xib; name = PushWebViewEntryCell.xib; path = ../PushWebViewEntryCell.xib; sourceTree = "<group>"; };
		A026075A15DE921D009B2F72 /* DefaultHeaderInSection.xib */ = {isa = PBXFileReference; fileEncoding = 4; lastKnownFileType = file.xib; name = DefaultHeaderInSection.xib; path = ../DefaultHeaderInSection.xib; sourceTree = "<group>"; };
		A026075B15DE921D009B2F72 /* MailDataEntryCell.xib */ = {isa = PBXFileReference; fileEncoding = 4; lastKnownFileType = file.xib; name = MailDataEntryCell.xib; path = ../MailDataEntryCell.xib; sourceTree = "<group>"; };
		A026075C15DE921D009B2F72 /* PushFormDataEntryCell.xib */ = {isa = PBXFileReference; fileEncoding = 4; lastKnownFileType = file.xib; name = PushFormDataEntryCell.xib; path = ../PushFormDataEntryCell.xib; sourceTree = "<group>"; };
		A026075D15DE921D009B2F72 /* SwitchDataEntryCell.xib */ = {isa = PBXFileReference; fileEncoding = 4; lastKnownFileType = file.xib; name = SwitchDataEntryCell.xib; path = ../SwitchDataEntryCell.xib; sourceTree = "<group>"; };
		A026075E15DE921D009B2F72 /* TextDataEntryCell.xib */ = {isa = PBXFileReference; fileEncoding = 4; lastKnownFileType = file.xib; name = TextDataEntryCell.xib; path = ../TextDataEntryCell.xib; sourceTree = "<group>"; };
		A05C6B2215DE403F00362113 /* FormData.h */ = {isa = PBXFileReference; fileEncoding = 4; lastKnownFileType = sourcecode.c.h; path = FormData.h; sourceTree = "<group>"; };
		A05C6B2315DE403F00362113 /* FormData.m */ = {isa = PBXFileReference; fileEncoding = 4; lastKnownFileType = sourcecode.c.objc; path = FormData.m; sourceTree = "<group>"; };
		A05C6B2415DE403F00362113 /* FormViewController.h */ = {isa = PBXFileReference; fileEncoding = 4; lastKnownFileType = sourcecode.c.h; path = FormViewController.h; sourceTree = "<group>"; };
		A05C6B2515DE403F00362113 /* FormViewController.m */ = {isa = PBXFileReference; fileEncoding = 4; lastKnownFileType = sourcecode.c.objc; path = FormViewController.m; sourceTree = "<group>"; };
		A05C6B2615DE403F00362113 /* ListDataEntryCell.h */ = {isa = PBXFileReference; fileEncoding = 4; lastKnownFileType = sourcecode.c.h; path = ListDataEntryCell.h; sourceTree = "<group>"; };
		A05C6B2715DE403F00362113 /* ListDataEntryCell.m */ = {isa = PBXFileReference; fileEncoding = 4; lastKnownFileType = sourcecode.c.objc; path = ListDataEntryCell.m; sourceTree = "<group>"; };
		A05C6B2815DE403F00362113 /* ListDataEntryCell.xib */ = {isa = PBXFileReference; fileEncoding = 4; lastKnownFileType = file.xib; path = ListDataEntryCell.xib; sourceTree = "<group>"; };
		A05C6B2915DE403F00362113 /* RowSpanDataEntryCell.h */ = {isa = PBXFileReference; fileEncoding = 4; lastKnownFileType = sourcecode.c.h; path = RowSpanDataEntryCell.h; sourceTree = "<group>"; };
		A05C6B2A15DE403F00362113 /* RowSpanDataEntryCell.m */ = {isa = PBXFileReference; fileEncoding = 4; lastKnownFileType = sourcecode.c.objc; path = RowSpanDataEntryCell.m; sourceTree = "<group>"; };
		A05C6B2B15DE403F00362113 /* TableViewController.xib */ = {isa = PBXFileReference; fileEncoding = 4; lastKnownFileType = file.xib; path = TableViewController.xib; sourceTree = "<group>"; };
		A05C6B2C15DE403F00362113 /* UIXMLAppDelegate.h */ = {isa = PBXFileReference; fileEncoding = 4; lastKnownFileType = sourcecode.c.h; path = UIXMLAppDelegate.h; sourceTree = "<group>"; };
		A05C6B2D15DE403F00362113 /* UIXMLAppDelegate.m */ = {isa = PBXFileReference; fileEncoding = 4; lastKnownFileType = sourcecode.c.objc; path = UIXMLAppDelegate.m; sourceTree = "<group>"; };
		A05C6B3715DE418000362113 /* RowSpanDataEntryCell.xib */ = {isa = PBXFileReference; fileEncoding = 4; lastKnownFileType = file.xib; path = RowSpanDataEntryCell.xib; sourceTree = "<group>"; };
		A05C6B3915DE41FB00362113 /* form-structure.plist */ = {isa = PBXFileReference; fileEncoding = 4; lastKnownFileType = text.plist.xml; path = "form-structure.plist"; sourceTree = "<group>"; };
		A05C6B3A15DE41FB00362113 /* form1-structure.plist */ = {isa = PBXFileReference; fileEncoding = 4; lastKnownFileType = text.plist.xml; path = "form1-structure.plist"; sourceTree = "<group>"; };
		A05C6B3B15DE41FB00362113 /* table-structure.plist */ = {isa = PBXFileReference; fileEncoding = 4; lastKnownFileType = text.plist.xml; path = "table-structure.plist"; sourceTree = "<group>"; };
		A05C6B3C15DE41FB00362113 /* GenderDataEntryCell.xib */ = {isa = PBXFileReference; fileEncoding = 4; lastKnownFileType = file.xib; path = GenderDataEntryCell.xib; sourceTree = "<group>"; };
		A05C6B3D15DE41FB00362113 /* MainWindow.xib */ = {isa = PBXFileReference; fileEncoding = 4; lastKnownFileType = file.xib; path = MainWindow.xib; sourceTree = "<group>"; };
		A05C6B5515DE434B00362113 /* en */ = {isa = PBXFileReference; lastKnownFileType = text.plist.strings; name = en; path = UIXMLSamples/en.lproj/Localizable.strings; sourceTree = "<group>"; };
		A082BB8415DE4689004C37BC /* en */ = {isa = PBXFileReference; lastKnownFileType = text.plist.xml; name = en; path = en.lproj/RowSpanForm.plist; sourceTree = "<group>"; };
		A0840A8515DE440C001C08EC /* UIXML.xcodeproj */ = {isa = PBXFileReference; lastKnownFileType = "wrapper.pb-project"; name = UIXML.xcodeproj; path = ../UIXML.xcodeproj; sourceTree = "<group>"; };
/* End PBXFileReference section */

/* Begin PBXFrameworksBuildPhase section */
		5F37C1FA15DE403500A3F7AE /* Frameworks */ = {
			isa = PBXFrameworksBuildPhase;
			buildActionMask = 2147483647;
			files = (
				A0840A9415DE4450001C08EC /* libUIXML.a in Frameworks */,
				5F37C20215DE403500A3F7AE /* UIKit.framework in Frameworks */,
				5F37C20415DE403500A3F7AE /* Foundation.framework in Frameworks */,
				5F37C20615DE403500A3F7AE /* CoreGraphics.framework in Frameworks */,
			);
			runOnlyForDeploymentPostprocessing = 0;
		};
		5F37C21415DE403500A3F7AE /* Frameworks */ = {
			isa = PBXFrameworksBuildPhase;
			buildActionMask = 2147483647;
			files = (
				5F37C21A15DE403500A3F7AE /* SenTestingKit.framework in Frameworks */,
				5F37C21B15DE403500A3F7AE /* UIKit.framework in Frameworks */,
				5F37C21C15DE403500A3F7AE /* Foundation.framework in Frameworks */,
			);
			runOnlyForDeploymentPostprocessing = 0;
		};
/* End PBXFrameworksBuildPhase section */

/* Begin PBXGroup section */
		5F37C1F215DE403500A3F7AE = {
			isa = PBXGroup;
			children = (
				A082BB8615DE47B5004C37BC /* UIXML */,
				A0840A8515DE440C001C08EC /* UIXML.xcodeproj */,
				A05C6B5415DE434B00362113 /* Localizable.strings */,
				5F37C20715DE403500A3F7AE /* UIXMLSamples */,
				5F37C21F15DE403500A3F7AE /* UIXMLSamplesTests */,
				5F37C20015DE403500A3F7AE /* Frameworks */,
				5F37C1FE15DE403500A3F7AE /* Products */,
			);
			sourceTree = "<group>";
		};
		5F37C1FE15DE403500A3F7AE /* Products */ = {
			isa = PBXGroup;
			children = (
				5F37C1FD15DE403500A3F7AE /* UIXMLSamples.app */,
				5F37C21815DE403500A3F7AE /* UIXMLSamplesTests.octest */,
			);
			name = Products;
			sourceTree = "<group>";
		};
		5F37C20015DE403500A3F7AE /* Frameworks */ = {
			isa = PBXGroup;
			children = (
				5F37C20115DE403500A3F7AE /* UIKit.framework */,
				5F37C20315DE403500A3F7AE /* Foundation.framework */,
				5F37C20515DE403500A3F7AE /* CoreGraphics.framework */,
				5F37C21915DE403500A3F7AE /* SenTestingKit.framework */,
			);
			name = Frameworks;
			sourceTree = "<group>";
		};
		5F37C20715DE403500A3F7AE /* UIXMLSamples */ = {
			isa = PBXGroup;
			children = (
				A05C6B3615DE415B00362113 /* RowSpanCell */,
				A05C6B3915DE41FB00362113 /* form-structure.plist */,
				A05C6B3A15DE41FB00362113 /* form1-structure.plist */,
				A05C6B3B15DE41FB00362113 /* table-structure.plist */,
				A05C6B3C15DE41FB00362113 /* GenderDataEntryCell.xib */,
				A05C6B3D15DE41FB00362113 /* MainWindow.xib */,
				A05C6B2215DE403F00362113 /* FormData.h */,
				A05C6B2315DE403F00362113 /* FormData.m */,
				A05C6B2415DE403F00362113 /* FormViewController.h */,
				A05C6B2515DE403F00362113 /* FormViewController.m */,
				A05C6B2615DE403F00362113 /* ListDataEntryCell.h */,
				A05C6B2715DE403F00362113 /* ListDataEntryCell.m */,
				A05C6B2815DE403F00362113 /* ListDataEntryCell.xib */,
				A05C6B2B15DE403F00362113 /* TableViewController.xib */,
				A05C6B2C15DE403F00362113 /* UIXMLAppDelegate.h */,
				A05C6B2D15DE403F00362113 /* UIXMLAppDelegate.m */,
				5F37C20815DE403500A3F7AE /* Supporting Files */,
			);
			path = UIXMLSamples;
			sourceTree = "<group>";
		};
		5F37C20815DE403500A3F7AE /* Supporting Files */ = {
			isa = PBXGroup;
			children = (
				5F37C20915DE403500A3F7AE /* UIXMLSamples-Info.plist */,
				5F37C20A15DE403500A3F7AE /* InfoPlist.strings */,
				5F37C20D15DE403500A3F7AE /* main.m */,
				5F37C20F15DE403500A3F7AE /* UIXMLSamples-Prefix.pch */,
			);
			name = "Supporting Files";
			sourceTree = "<group>";
		};
		5F37C21F15DE403500A3F7AE /* UIXMLSamplesTests */ = {
			isa = PBXGroup;
			children = (
				5F37C22515DE403500A3F7AE /* UIXMLSamplesTests.h */,
				5F37C22615DE403500A3F7AE /* UIXMLSamplesTests.m */,
				5F37C22015DE403500A3F7AE /* Supporting Files */,
			);
			path = UIXMLSamplesTests;
			sourceTree = "<group>";
		};
		5F37C22015DE403500A3F7AE /* Supporting Files */ = {
			isa = PBXGroup;
			children = (
				5F37C22115DE403500A3F7AE /* UIXMLSamplesTests-Info.plist */,
				5F37C22215DE403500A3F7AE /* InfoPlist.strings */,
			);
			name = "Supporting Files";
			sourceTree = "<group>";
		};
		A05C6B3615DE415B00362113 /* RowSpanCell */ = {
			isa = PBXGroup;
			children = (
				A082BB8315DE4689004C37BC /* RowSpanForm.plist */,
				A05C6B2915DE403F00362113 /* RowSpanDataEntryCell.h */,
				A05C6B2A15DE403F00362113 /* RowSpanDataEntryCell.m */,
				A05C6B3715DE418000362113 /* RowSpanDataEntryCell.xib */,
			);
			name = RowSpanCell;
			sourceTree = "<group>";
		};
		A082BB8615DE47B5004C37BC /* UIXML */ = {
			isa = PBXGroup;
			children = (
				A025091E15E53CF2009F2C59 /* back24x24.png */,
				A025091F15E53CF2009F2C59 /* confirm24x24.png */,
				A025092015E53CF2009F2C59 /* edit32x32.png */,
				A025092115E53CF2009F2C59 /* write32x32.png */,
				A026075715DE921D009B2F72 /* PushTextEntryCell.xib */,
				A026075815DE921D009B2F72 /* PushDateEntryCell.xib */,
				A026075915DE921D009B2F72 /* PushWebViewEntryCell.xib */,
				A026075A15DE921D009B2F72 /* DefaultHeaderInSection.xib */,
				A026075B15DE921D009B2F72 /* MailDataEntryCell.xib */,
				A026075C15DE921D009B2F72 /* PushFormDataEntryCell.xib */,
				A026075D15DE921D009B2F72 /* SwitchDataEntryCell.xib */,
				A026075E15DE921D009B2F72 /* TextDataEntryCell.xib */,
			);
			name = UIXML;
			sourceTree = "<group>";
		};
		A0840A8615DE440C001C08EC /* Products */ = {
			isa = PBXGroup;
			children = (
				A0840A9015DE440D001C08EC /* libUIXML.a */,
			);
			name = Products;
			sourceTree = "<group>";
		};
/* End PBXGroup section */

/* Begin PBXNativeTarget section */
		5F37C1FC15DE403500A3F7AE /* UIXMLSamples */ = {
			isa = PBXNativeTarget;
			buildConfigurationList = 5F37C22A15DE403500A3F7AE /* Build configuration list for PBXNativeTarget "UIXMLSamples" */;
			buildPhases = (
				5F37C1F915DE403500A3F7AE /* Sources */,
				5F37C1FA15DE403500A3F7AE /* Frameworks */,
				5F37C1FB15DE403500A3F7AE /* Resources */,
			);
			buildRules = (
			);
			dependencies = (
				A0840A9315DE4422001C08EC /* PBXTargetDependency */,
			);
			name = UIXMLSamples;
			productName = UIXMLSamples;
			productReference = 5F37C1FD15DE403500A3F7AE /* UIXMLSamples.app */;
			productType = "com.apple.product-type.application";
		};
		5F37C21715DE403500A3F7AE /* UIXMLSamplesTests */ = {
			isa = PBXNativeTarget;
			buildConfigurationList = 5F37C22D15DE403500A3F7AE /* Build configuration list for PBXNativeTarget "UIXMLSamplesTests" */;
			buildPhases = (
				5F37C21315DE403500A3F7AE /* Sources */,
				5F37C21415DE403500A3F7AE /* Frameworks */,
				5F37C21515DE403500A3F7AE /* Resources */,
				5F37C21615DE403500A3F7AE /* ShellScript */,
			);
			buildRules = (
			);
			dependencies = (
				5F37C21E15DE403500A3F7AE /* PBXTargetDependency */,
			);
			name = UIXMLSamplesTests;
			productName = UIXMLSamplesTests;
			productReference = 5F37C21815DE403500A3F7AE /* UIXMLSamplesTests.octest */;
			productType = "com.apple.product-type.bundle";
		};
/* End PBXNativeTarget section */

/* Begin PBXProject section */
		5F37C1F415DE403500A3F7AE /* Project object */ = {
			isa = PBXProject;
			attributes = {
				CLASSPREFIX = UIXML;
				LastUpgradeCheck = 0440;
				ORGANIZATIONNAME = soulsoftware;
			};
			buildConfigurationList = 5F37C1F715DE403500A3F7AE /* Build configuration list for PBXProject "UIXMLSamples" */;
			compatibilityVersion = "Xcode 3.2";
			developmentRegion = English;
			hasScannedForEncodings = 0;
			knownRegions = (
				en,
			);
			mainGroup = 5F37C1F215DE403500A3F7AE;
			productRefGroup = 5F37C1FE15DE403500A3F7AE /* Products */;
			projectDirPath = "";
			projectReferences = (
				{
					ProductGroup = A0840A8615DE440C001C08EC /* Products */;
					ProjectRef = A0840A8515DE440C001C08EC /* UIXML.xcodeproj */;
				},
			);
			projectRoot = "";
			targets = (
				5F37C1FC15DE403500A3F7AE /* UIXMLSamples */,
				5F37C21715DE403500A3F7AE /* UIXMLSamplesTests */,
			);
		};
/* End PBXProject section */

/* Begin PBXReferenceProxy section */
		A0840A9015DE440D001C08EC /* libUIXML.a */ = {
			isa = PBXReferenceProxy;
			fileType = archive.ar;
			path = libUIXML.a;
			remoteRef = A0840A8F15DE440D001C08EC /* PBXContainerItemProxy */;
			sourceTree = BUILT_PRODUCTS_DIR;
		};
/* End PBXReferenceProxy section */

/* Begin PBXResourcesBuildPhase section */
		5F37C1FB15DE403500A3F7AE /* Resources */ = {
			isa = PBXResourcesBuildPhase;
			buildActionMask = 2147483647;
			files = (
				5F37C20C15DE403500A3F7AE /* InfoPlist.strings in Resources */,
				A05C6B3115DE403F00362113 /* ListDataEntryCell.xib in Resources */,
				A05C6B3315DE403F00362113 /* TableViewController.xib in Resources */,
				A05C6B3815DE418000362113 /* RowSpanDataEntryCell.xib in Resources */,
				A05C6B3E15DE41FB00362113 /* form-structure.plist in Resources */,
				A05C6B3F15DE41FB00362113 /* form1-structure.plist in Resources */,
				A05C6B4015DE41FB00362113 /* table-structure.plist in Resources */,
				A05C6B4115DE41FB00362113 /* GenderDataEntryCell.xib in Resources */,
				A05C6B4215DE41FB00362113 /* MainWindow.xib in Resources */,
				A05C6B5715DE434B00362113 /* Localizable.strings in Resources */,
				A082BB8515DE4689004C37BC /* RowSpanForm.plist in Resources */,
				A026075F15DE921D009B2F72 /* PushTextEntryCell.xib in Resources */,
				A026076015DE921D009B2F72 /* PushDateEntryCell.xib in Resources */,
				A026076115DE921D009B2F72 /* PushWebViewEntryCell.xib in Resources */,
				A026076215DE921D009B2F72 /* DefaultHeaderInSection.xib in Resources */,
				A026076315DE921D009B2F72 /* MailDataEntryCell.xib in Resources */,
				A026076415DE921D009B2F72 /* PushFormDataEntryCell.xib in Resources */,
				A026076515DE921D009B2F72 /* SwitchDataEntryCell.xib in Resources */,
				A026076615DE921D009B2F72 /* TextDataEntryCell.xib in Resources */,
				A025092215E53CF2009F2C59 /* back24x24.png in Resources */,
				A025092315E53CF2009F2C59 /* confirm24x24.png in Resources */,
				A025092415E53CF2009F2C59 /* edit32x32.png in Resources */,
				A025092515E53CF2009F2C59 /* write32x32.png in Resources */,
			);
			runOnlyForDeploymentPostprocessing = 0;
		};
		5F37C21515DE403500A3F7AE /* Resources */ = {
			isa = PBXResourcesBuildPhase;
			buildActionMask = 2147483647;
			files = (
				5F37C22415DE403500A3F7AE /* InfoPlist.strings in Resources */,
			);
			runOnlyForDeploymentPostprocessing = 0;
		};
/* End PBXResourcesBuildPhase section */

/* Begin PBXShellScriptBuildPhase section */
		5F37C21615DE403500A3F7AE /* ShellScript */ = {
			isa = PBXShellScriptBuildPhase;
			buildActionMask = 2147483647;
			files = (
			);
			inputPaths = (
			);
			outputPaths = (
			);
			runOnlyForDeploymentPostprocessing = 0;
			shellPath = /bin/sh;
			shellScript = "# Run the unit tests in this test bundle.\n\"${SYSTEM_DEVELOPER_DIR}/Tools/RunUnitTests\"\n";
		};
/* End PBXShellScriptBuildPhase section */

/* Begin PBXSourcesBuildPhase section */
		5F37C1F915DE403500A3F7AE /* Sources */ = {
			isa = PBXSourcesBuildPhase;
			buildActionMask = 2147483647;
			files = (
				5F37C20E15DE403500A3F7AE /* main.m in Sources */,
				A05C6B2E15DE403F00362113 /* FormData.m in Sources */,
				A05C6B2F15DE403F00362113 /* FormViewController.m in Sources */,
				A05C6B3015DE403F00362113 /* ListDataEntryCell.m in Sources */,
				A05C6B3215DE403F00362113 /* RowSpanDataEntryCell.m in Sources */,
				A05C6B3415DE403F00362113 /* UIXMLAppDelegate.m in Sources */,
			);
			runOnlyForDeploymentPostprocessing = 0;
		};
		5F37C21315DE403500A3F7AE /* Sources */ = {
			isa = PBXSourcesBuildPhase;
			buildActionMask = 2147483647;
			files = (
				5F37C22715DE403500A3F7AE /* UIXMLSamplesTests.m in Sources */,
			);
			runOnlyForDeploymentPostprocessing = 0;
		};
/* End PBXSourcesBuildPhase section */

/* Begin PBXTargetDependency section */
		5F37C21E15DE403500A3F7AE /* PBXTargetDependency */ = {
			isa = PBXTargetDependency;
			target = 5F37C1FC15DE403500A3F7AE /* UIXMLSamples */;
			targetProxy = 5F37C21D15DE403500A3F7AE /* PBXContainerItemProxy */;
		};
		A0840A9315DE4422001C08EC /* PBXTargetDependency */ = {
			isa = PBXTargetDependency;
			name = UIXML;
			targetProxy = A0840A9215DE4422001C08EC /* PBXContainerItemProxy */;
		};
/* End PBXTargetDependency section */

/* Begin PBXVariantGroup section */
		5F37C20A15DE403500A3F7AE /* InfoPlist.strings */ = {
			isa = PBXVariantGroup;
			children = (
				5F37C20B15DE403500A3F7AE /* en */,
			);
			name = InfoPlist.strings;
			sourceTree = "<group>";
		};
		5F37C22215DE403500A3F7AE /* InfoPlist.strings */ = {
			isa = PBXVariantGroup;
			children = (
				5F37C22315DE403500A3F7AE /* en */,
			);
			name = InfoPlist.strings;
			sourceTree = "<group>";
		};
		A05C6B5415DE434B00362113 /* Localizable.strings */ = {
			isa = PBXVariantGroup;
			children = (
				A05C6B5515DE434B00362113 /* en */,
			);
			name = Localizable.strings;
			sourceTree = "<group>";
		};
		A082BB8315DE4689004C37BC /* RowSpanForm.plist */ = {
			isa = PBXVariantGroup;
			children = (
				A082BB8415DE4689004C37BC /* en */,
			);
			name = RowSpanForm.plist;
			sourceTree = "<group>";
		};
/* End PBXVariantGroup section */

/* Begin XCBuildConfiguration section */
		5F37C22815DE403500A3F7AE /* Debug */ = {
			isa = XCBuildConfiguration;
			buildSettings = {
				ALWAYS_SEARCH_USER_PATHS = NO;
				ARCHS = "$(ARCHS_STANDARD_32_BIT)";
				CLANG_CXX_LANGUAGE_STANDARD = "gnu++0x";
				CLANG_ENABLE_OBJC_ARC = YES;
				CLANG_WARN__DUPLICATE_METHOD_MATCH = YES;
				"CODE_SIGN_IDENTITY[sdk=iphoneos*]" = "iPhone Developer";
				COPY_PHASE_STRIP = NO;
				GCC_C_LANGUAGE_STANDARD = gnu99;
				GCC_DYNAMIC_NO_PIC = NO;
				GCC_OPTIMIZATION_LEVEL = 0;
				GCC_PREPROCESSOR_DEFINITIONS = (
					"DEBUG=1",
					"$(inherited)",
				);
				GCC_SYMBOLS_PRIVATE_EXTERN = NO;
				GCC_VERSION = com.apple.compilers.llvm.clang.1_0;
				GCC_WARN_ABOUT_RETURN_TYPE = YES;
				GCC_WARN_UNINITIALIZED_AUTOS = YES;
				GCC_WARN_UNUSED_VARIABLE = YES;
				HEADER_SEARCH_PATHS = ..;
				IPHONEOS_DEPLOYMENT_TARGET = 5.1;
				OTHER_LDFLAGS = (
					"-all_load",
					"-ObjC",
				);
				SDKROOT = iphoneos;
				TARGETED_DEVICE_FAMILY = "1,2";
			};
			name = Debug;
		};
		5F37C22915DE403500A3F7AE /* Release */ = {
			isa = XCBuildConfiguration;
			buildSettings = {
				ALWAYS_SEARCH_USER_PATHS = NO;
				ARCHS = "$(ARCHS_STANDARD_32_BIT)";
				CLANG_CXX_LANGUAGE_STANDARD = "gnu++0x";
				CLANG_ENABLE_OBJC_ARC = YES;
				CLANG_WARN__DUPLICATE_METHOD_MATCH = YES;
				"CODE_SIGN_IDENTITY[sdk=iphoneos*]" = "iPhone Developer";
				COPY_PHASE_STRIP = YES;
				GCC_C_LANGUAGE_STANDARD = gnu99;
				GCC_VERSION = com.apple.compilers.llvm.clang.1_0;
				GCC_WARN_ABOUT_RETURN_TYPE = YES;
				GCC_WARN_UNINITIALIZED_AUTOS = YES;
				GCC_WARN_UNUSED_VARIABLE = YES;
				HEADER_SEARCH_PATHS = ..;
				IPHONEOS_DEPLOYMENT_TARGET = 5.1;
				OTHER_CFLAGS = "-DNS_BLOCK_ASSERTIONS=1";
				OTHER_LDFLAGS = (
					"-all_load",
					"-ObjC",
				);
				SDKROOT = iphoneos;
				TARGETED_DEVICE_FAMILY = "1,2";
				VALIDATE_PRODUCT = YES;
			};
			name = Release;
		};
		5F37C22B15DE403500A3F7AE /* Debug */ = {
			isa = XCBuildConfiguration;
			buildSettings = {
				GCC_PRECOMPILE_PREFIX_HEADER = YES;
				GCC_PREFIX_HEADER = "UIXMLSamples/UIXMLSamples-Prefix.pch";
				INFOPLIST_FILE = "UIXMLSamples/UIXMLSamples-Info.plist";
				OTHER_LDFLAGS = (
					"-all_load",
					"-ObjC",
				);
				PRODUCT_NAME = "$(TARGET_NAME)";
				WRAPPER_EXTENSION = app;
			};
			name = Debug;
		};
		5F37C22C15DE403500A3F7AE /* Release */ = {
			isa = XCBuildConfiguration;
			buildSettings = {
				GCC_PRECOMPILE_PREFIX_HEADER = YES;
				GCC_PREFIX_HEADER = "UIXMLSamples/UIXMLSamples-Prefix.pch";
				INFOPLIST_FILE = "UIXMLSamples/UIXMLSamples-Info.plist";
				OTHER_LDFLAGS = (
					"-all_load",
					"-ObjC",
				);
				PRODUCT_NAME = "$(TARGET_NAME)";
				WRAPPER_EXTENSION = app;
			};
			name = Release;
		};
		5F37C22E15DE403500A3F7AE /* Debug */ = {
			isa = XCBuildConfiguration;
			buildSettings = {
				BUNDLE_LOADER = "$(BUILT_PRODUCTS_DIR)/UIXMLSamples.app/UIXMLSamples";
				FRAMEWORK_SEARCH_PATHS = (
					"\"$(SDKROOT)/Developer/Library/Frameworks\"",
					"\"$(DEVELOPER_LIBRARY_DIR)/Frameworks\"",
				);
				GCC_PRECOMPILE_PREFIX_HEADER = YES;
				GCC_PREFIX_HEADER = "UIXMLSamples/UIXMLSamples-Prefix.pch";
				INFOPLIST_FILE = "UIXMLSamplesTests/UIXMLSamplesTests-Info.plist";
				PRODUCT_NAME = "$(TARGET_NAME)";
				TEST_HOST = "$(BUNDLE_LOADER)";
				WRAPPER_EXTENSION = octest;
			};
			name = Debug;
		};
		5F37C22F15DE403500A3F7AE /* Release */ = {
			isa = XCBuildConfiguration;
			buildSettings = {
				BUNDLE_LOADER = "$(BUILT_PRODUCTS_DIR)/UIXMLSamples.app/UIXMLSamples";
				FRAMEWORK_SEARCH_PATHS = (
					"\"$(SDKROOT)/Developer/Library/Frameworks\"",
					"\"$(DEVELOPER_LIBRARY_DIR)/Frameworks\"",
				);
				GCC_PRECOMPILE_PREFIX_HEADER = YES;
				GCC_PREFIX_HEADER = "UIXMLSamples/UIXMLSamples-Prefix.pch";
				INFOPLIST_FILE = "UIXMLSamplesTests/UIXMLSamplesTests-Info.plist";
				PRODUCT_NAME = "$(TARGET_NAME)";
				TEST_HOST = "$(BUNDLE_LOADER)";
				WRAPPER_EXTENSION = octest;
			};
			name = Release;
		};
/* End XCBuildConfiguration section */

/* Begin XCConfigurationList section */
		5F37C1F715DE403500A3F7AE /* Build configuration list for PBXProject "UIXMLSamples" */ = {
			isa = XCConfigurationList;
			buildConfigurations = (
				5F37C22815DE403500A3F7AE /* Debug */,
				5F37C22915DE403500A3F7AE /* Release */,
			);
			defaultConfigurationIsVisible = 0;
			defaultConfigurationName = Release;
		};
		5F37C22A15DE403500A3F7AE /* Build configuration list for PBXNativeTarget "UIXMLSamples" */ = {
			isa = XCConfigurationList;
			buildConfigurations = (
				5F37C22B15DE403500A3F7AE /* Debug */,
				5F37C22C15DE403500A3F7AE /* Release */,
			);
			defaultConfigurationIsVisible = 0;
			defaultConfigurationName = Release;
		};
		5F37C22D15DE403500A3F7AE /* Build configuration list for PBXNativeTarget "UIXMLSamplesTests" */ = {
			isa = XCConfigurationList;
			buildConfigurations = (
				5F37C22E15DE403500A3F7AE /* Debug */,
				5F37C22F15DE403500A3F7AE /* Release */,
			);
			defaultConfigurationIsVisible = 0;
			defaultConfigurationName = Release;
		};
/* End XCConfigurationList section */
	};
	rootObject = 5F37C1F415DE403500A3F7AE /* Project object */;
}
