// !$*UTF8*$!
{
	archiveVersion = 1;
	classes = {
	};
	objectVersion = 46;
	objects = {

/* Begin PBXBuildFile section */
		5F37C20215DE403500A3F7AE /* UIKit.framework in Frameworks */ = {isa = PBXBuildFile; fileRef = 5F37C20115DE403500A3F7AE /* UIKit.framework */; };
		5F37C20415DE403500A3F7AE /* Foundation.framework in Frameworks */ = {isa = PBXBuildFile; fileRef = 5F37C20315DE403500A3F7AE /* Foundation.framework */; };
		5F37C20615DE403500A3F7AE /* CoreGraphics.framework in Frameworks */ = {isa = PBXBuildFile; fileRef = 5F37C20515DE403500A3F7AE /* CoreGraphics.framework */; };
		5F37C20C15DE403500A3F7AE /* InfoPlist.strings in Resources */ = {isa = PBXBuildFile; fileRef = 5F37C20A15DE403500A3F7AE /* InfoPlist.strings */; };
		5FA03B9C1FC38AC20099C39B /* main.storyboard in Resources */ = {isa = PBXBuildFile; fileRef = 5FA03B9B1FC38AC20099C39B /* main.storyboard */; };
		5FA03B9E1FC38C780099C39B /* AppDelegate.swift in Sources */ = {isa = PBXBuildFile; fileRef = 5FA03B9D1FC38C780099C39B /* AppDelegate.swift */; };
		5FA03BA01FC4AEE70099C39B /* Form.swift in Sources */ = {isa = PBXBuildFile; fileRef = 5FA03B9F1FC4AEE70099C39B /* Form.swift */; };
		5FEFB5DF1FC5ECA7009462F0 /* ListDataEntryCell.swift in Sources */ = {isa = PBXBuildFile; fileRef = 5FEFB5DE1FC5ECA7009462F0 /* ListDataEntryCell.swift */; };
		5FEFB5E11FC6C969009462F0 /* RowSpanCell.swift in Sources */ = {isa = PBXBuildFile; fileRef = 5FEFB5E01FC6C969009462F0 /* RowSpanCell.swift */; };
		A025092215E53CF2009F2C59 /* back24x24.png in Resources */ = {isa = PBXBuildFile; fileRef = A025091E15E53CF2009F2C59 /* back24x24.png */; };
		A025092315E53CF2009F2C59 /* confirm24x24.png in Resources */ = {isa = PBXBuildFile; fileRef = A025091F15E53CF2009F2C59 /* confirm24x24.png */; };
		A025092415E53CF2009F2C59 /* edit32x32.png in Resources */ = {isa = PBXBuildFile; fileRef = A025092015E53CF2009F2C59 /* edit32x32.png */; };
		A025092515E53CF2009F2C59 /* write32x32.png in Resources */ = {isa = PBXBuildFile; fileRef = A025092115E53CF2009F2C59 /* write32x32.png */; };
		A026075F15DE921D009B2F72 /* PushTextEntryCell.xib in Resources */ = {isa = PBXBuildFile; fileRef = A026075715DE921D009B2F72 /* PushTextEntryCell.xib */; };
		A026076015DE921D009B2F72 /* PushDateEntryCell.xib in Resources */ = {isa = PBXBuildFile; fileRef = A026075815DE921D009B2F72 /* PushDateEntryCell.xib */; };
		A026076115DE921D009B2F72 /* PushWebViewEntryCell.xib in Resources */ = {isa = PBXBuildFile; fileRef = A026075915DE921D009B2F72 /* PushWebViewEntryCell.xib */; };
		A026076315DE921D009B2F72 /* MailDataEntryCell.xib in Resources */ = {isa = PBXBuildFile; fileRef = A026075B15DE921D009B2F72 /* MailDataEntryCell.xib */; };
		A026076415DE921D009B2F72 /* PushFormDataEntryCell.xib in Resources */ = {isa = PBXBuildFile; fileRef = A026075C15DE921D009B2F72 /* PushFormDataEntryCell.xib */; };
		A026076515DE921D009B2F72 /* SwitchDataEntryCell.xib in Resources */ = {isa = PBXBuildFile; fileRef = A026075D15DE921D009B2F72 /* SwitchDataEntryCell.xib */; };
		A026076615DE921D009B2F72 /* TextDataEntryCell.xib in Resources */ = {isa = PBXBuildFile; fileRef = A026075E15DE921D009B2F72 /* TextDataEntryCell.xib */; };
		A05C6B3115DE403F00362113 /* ListDataEntryCell.xib in Resources */ = {isa = PBXBuildFile; fileRef = A05C6B2815DE403F00362113 /* ListDataEntryCell.xib */; };
		A05C6B3815DE418000362113 /* RowSpanDataEntryCell.xib in Resources */ = {isa = PBXBuildFile; fileRef = A05C6B3715DE418000362113 /* RowSpanDataEntryCell.xib */; };
		A05C6B3E15DE41FB00362113 /* form-structure.plist in Resources */ = {isa = PBXBuildFile; fileRef = A05C6B3915DE41FB00362113 /* form-structure.plist */; };
		A05C6B3F15DE41FB00362113 /* form1-structure.plist in Resources */ = {isa = PBXBuildFile; fileRef = A05C6B3A15DE41FB00362113 /* form1-structure.plist */; };
		A05C6B4015DE41FB00362113 /* table-structure.plist in Resources */ = {isa = PBXBuildFile; fileRef = A05C6B3B15DE41FB00362113 /* table-structure.plist */; };
		A05C6B4115DE41FB00362113 /* GenderDataEntryCell.xib in Resources */ = {isa = PBXBuildFile; fileRef = A05C6B3C15DE41FB00362113 /* GenderDataEntryCell.xib */; };
		A05C6B5715DE434B00362113 /* Localizable.strings in Resources */ = {isa = PBXBuildFile; fileRef = A05C6B5415DE434B00362113 /* Localizable.strings */; };
		A082BB8515DE4689004C37BC /* RowSpanForm.plist in Resources */ = {isa = PBXBuildFile; fileRef = A082BB8315DE4689004C37BC /* RowSpanForm.plist */; };
		A0840A9415DE4450001C08EC /* libUIXML.a in Frameworks */ = {isa = PBXBuildFile; fileRef = A0840A9015DE440D001C08EC /* libUIXML.a */; };
/* End PBXBuildFile section */

/* Begin PBXContainerItemProxy section */
		A0840A8F15DE440D001C08EC /* PBXContainerItemProxy */ = {
			isa = PBXContainerItemProxy;
			containerPortal = A0840A8515DE440C001C08EC /* UIXML.xcodeproj */;
			proxyType = 2;
			remoteGlobalIDString = D2AAC07E0554694100DB518D;
			remoteInfo = UIXML;
		};
		A0840A9215DE4422001C08EC /* PBXContainerItemProxy */ = {
			isa = PBXContainerItemProxy;
			containerPortal = A0840A8515DE440C001C08EC /* UIXML.xcodeproj */;
			proxyType = 1;
			remoteGlobalIDString = D2AAC07D0554694100DB518D;
			remoteInfo = UIXML;
		};
/* End PBXContainerItemProxy section */

/* Begin PBXFileReference section */
		5F26E07C1FC3890E00BE94DB /* UIXMLSamples-Bridging-Header.h */ = {isa = PBXFileReference; lastKnownFileType = sourcecode.c.h; path = "UIXMLSamples-Bridging-Header.h"; sourceTree = "<group>"; };
		5F37C1FD15DE403500A3F7AE /* UIXMLSamples.app */ = {isa = PBXFileReference; explicitFileType = wrapper.application; includeInIndex = 0; path = UIXMLSamples.app; sourceTree = BUILT_PRODUCTS_DIR; };
		5F37C20115DE403500A3F7AE /* UIKit.framework */ = {isa = PBXFileReference; lastKnownFileType = wrapper.framework; name = UIKit.framework; path = System/Library/Frameworks/UIKit.framework; sourceTree = SDKROOT; };
		5F37C20315DE403500A3F7AE /* Foundation.framework */ = {isa = PBXFileReference; lastKnownFileType = wrapper.framework; name = Foundation.framework; path = System/Library/Frameworks/Foundation.framework; sourceTree = SDKROOT; };
		5F37C20515DE403500A3F7AE /* CoreGraphics.framework */ = {isa = PBXFileReference; lastKnownFileType = wrapper.framework; name = CoreGraphics.framework; path = System/Library/Frameworks/CoreGraphics.framework; sourceTree = SDKROOT; };
		5F37C20915DE403500A3F7AE /* UIXMLSamples-Info.plist */ = {isa = PBXFileReference; lastKnownFileType = text.plist.xml; path = "UIXMLSamples-Info.plist"; sourceTree = "<group>"; };
		5F37C20B15DE403500A3F7AE /* en */ = {isa = PBXFileReference; lastKnownFileType = text.plist.strings; name = en; path = en.lproj/InfoPlist.strings; sourceTree = "<group>"; };
		5F37C20F15DE403500A3F7AE /* UIXMLSamples-Prefix.pch */ = {isa = PBXFileReference; lastKnownFileType = sourcecode.c.h; path = "UIXMLSamples-Prefix.pch"; sourceTree = "<group>"; };
		5F37C21915DE403500A3F7AE /* SenTestingKit.framework */ = {isa = PBXFileReference; lastKnownFileType = wrapper.framework; name = SenTestingKit.framework; path = Library/Frameworks/SenTestingKit.framework; sourceTree = DEVELOPER_DIR; };
		5FA03B9B1FC38AC20099C39B /* main.storyboard */ = {isa = PBXFileReference; lastKnownFileType = file.storyboard; path = main.storyboard; sourceTree = "<group>"; };
		5FA03B9D1FC38C780099C39B /* AppDelegate.swift */ = {isa = PBXFileReference; lastKnownFileType = sourcecode.swift; path = AppDelegate.swift; sourceTree = "<group>"; };
		5FA03B9F1FC4AEE70099C39B /* Form.swift */ = {isa = PBXFileReference; lastKnownFileType = sourcecode.swift; path = Form.swift; sourceTree = "<group>"; };
		5FEFB5DE1FC5ECA7009462F0 /* ListDataEntryCell.swift */ = {isa = PBXFileReference; lastKnownFileType = sourcecode.swift; path = ListDataEntryCell.swift; sourceTree = "<group>"; };
		5FEFB5E01FC6C969009462F0 /* RowSpanCell.swift */ = {isa = PBXFileReference; lastKnownFileType = sourcecode.swift; path = RowSpanCell.swift; sourceTree = "<group>"; };
		A025091E15E53CF2009F2C59 /* back24x24.png */ = {isa = PBXFileReference; lastKnownFileType = image.png; name = back24x24.png; path = ../back24x24.png; sourceTree = "<group>"; };
		A025091F15E53CF2009F2C59 /* confirm24x24.png */ = {isa = PBXFileReference; lastKnownFileType = image.png; name = confirm24x24.png; path = ../confirm24x24.png; sourceTree = "<group>"; };
		A025092015E53CF2009F2C59 /* edit32x32.png */ = {isa = PBXFileReference; lastKnownFileType = image.png; name = edit32x32.png; path = ../edit32x32.png; sourceTree = "<group>"; };
		A025092115E53CF2009F2C59 /* write32x32.png */ = {isa = PBXFileReference; lastKnownFileType = image.png; name = write32x32.png; path = ../write32x32.png; sourceTree = "<group>"; };
		A026075715DE921D009B2F72 /* PushTextEntryCell.xib */ = {isa = PBXFileReference; fileEncoding = 4; lastKnownFileType = file.xib; name = PushTextEntryCell.xib; path = ../PushTextEntryCell.xib; sourceTree = "<group>"; };
		A026075815DE921D009B2F72 /* PushDateEntryCell.xib */ = {isa = PBXFileReference; fileEncoding = 4; lastKnownFileType = file.xib; name = PushDateEntryCell.xib; path = ../PushDateEntryCell.xib; sourceTree = "<group>"; };
		A026075915DE921D009B2F72 /* PushWebViewEntryCell.xib */ = {isa = PBXFileReference; fileEncoding = 4; lastKnownFileType = file.xib; name = PushWebViewEntryCell.xib; path = ../PushWebViewEntryCell.xib; sourceTree = "<group>"; };
		A026075B15DE921D009B2F72 /* MailDataEntryCell.xib */ = {isa = PBXFileReference; fileEncoding = 4; lastKnownFileType = file.xib; name = MailDataEntryCell.xib; path = ../MailDataEntryCell.xib; sourceTree = "<group>"; };
		A026075C15DE921D009B2F72 /* PushFormDataEntryCell.xib */ = {isa = PBXFileReference; fileEncoding = 4; lastKnownFileType = file.xib; name = PushFormDataEntryCell.xib; path = ../PushFormDataEntryCell.xib; sourceTree = "<group>"; };
		A026075D15DE921D009B2F72 /* SwitchDataEntryCell.xib */ = {isa = PBXFileReference; fileEncoding = 4; lastKnownFileType = file.xib; name = SwitchDataEntryCell.xib; path = ../SwitchDataEntryCell.xib; sourceTree = "<group>"; };
		A026075E15DE921D009B2F72 /* TextDataEntryCell.xib */ = {isa = PBXFileReference; fileEncoding = 4; lastKnownFileType = file.xib; name = TextDataEntryCell.xib; path = ../TextDataEntryCell.xib; sourceTree = "<group>"; };
		A05C6B2815DE403F00362113 /* ListDataEntryCell.xib */ = {isa = PBXFileReference; fileEncoding = 4; lastKnownFileType = file.xib; path = ListDataEntryCell.xib; sourceTree = "<group>"; };
		A05C6B3715DE418000362113 /* RowSpanDataEntryCell.xib */ = {isa = PBXFileReference; fileEncoding = 4; lastKnownFileType = file.xib; path = RowSpanDataEntryCell.xib; sourceTree = "<group>"; };
		A05C6B3915DE41FB00362113 /* form-structure.plist */ = {isa = PBXFileReference; fileEncoding = 4; lastKnownFileType = text.plist.xml; path = "form-structure.plist"; sourceTree = "<group>"; };
		A05C6B3A15DE41FB00362113 /* form1-structure.plist */ = {isa = PBXFileReference; fileEncoding = 4; lastKnownFileType = text.plist.xml; path = "form1-structure.plist"; sourceTree = "<group>"; };
		A05C6B3B15DE41FB00362113 /* table-structure.plist */ = {isa = PBXFileReference; fileEncoding = 4; lastKnownFileType = text.plist.xml; path = "table-structure.plist"; sourceTree = "<group>"; };
		A05C6B3C15DE41FB00362113 /* GenderDataEntryCell.xib */ = {isa = PBXFileReference; fileEncoding = 4; lastKnownFileType = file.xib; path = GenderDataEntryCell.xib; sourceTree = "<group>"; };
		A05C6B5515DE434B00362113 /* en */ = {isa = PBXFileReference; lastKnownFileType = text.plist.strings; name = en; path = UIXMLSamples/en.lproj/Localizable.strings; sourceTree = "<group>"; };
		A082BB8415DE4689004C37BC /* en */ = {isa = PBXFileReference; lastKnownFileType = text.plist.xml; name = en; path = en.lproj/RowSpanForm.plist; sourceTree = "<group>"; };
		A0840A8515DE440C001C08EC /* UIXML.xcodeproj */ = {isa = PBXFileReference; lastKnownFileType = "wrapper.pb-project"; name = UIXML.xcodeproj; path = ../UIXML.xcodeproj; sourceTree = "<group>"; };
/* End PBXFileReference section */

/* Begin PBXFrameworksBuildPhase section */
		5F37C1FA15DE403500A3F7AE /* Frameworks */ = {
			isa = PBXFrameworksBuildPhase;
			buildActionMask = 2147483647;
			files = (
				A0840A9415DE4450001C08EC /* libUIXML.a in Frameworks */,
				5F37C20215DE403500A3F7AE /* UIKit.framework in Frameworks */,
				5F37C20415DE403500A3F7AE /* Foundation.framework in Frameworks */,
				5F37C20615DE403500A3F7AE /* CoreGraphics.framework in Frameworks */,
			);
			runOnlyForDeploymentPostprocessing = 0;
		};
/* End PBXFrameworksBuildPhase section */

/* Begin PBXGroup section */
		5F37C1F215DE403500A3F7AE = {
			isa = PBXGroup;
			children = (
				A082BB8615DE47B5004C37BC /* UIXML */,
				A0840A8515DE440C001C08EC /* UIXML.xcodeproj */,
				A05C6B5415DE434B00362113 /* Localizable.strings */,
				5F37C20715DE403500A3F7AE /* UIXMLSamples */,
				5F37C20015DE403500A3F7AE /* Frameworks */,
				5F37C1FE15DE403500A3F7AE /* Products */,
			);
			sourceTree = "<group>";
		};
		5F37C1FE15DE403500A3F7AE /* Products */ = {
			isa = PBXGroup;
			children = (
				5F37C1FD15DE403500A3F7AE /* UIXMLSamples.app */,
			);
			name = Products;
			sourceTree = "<group>";
		};
		5F37C20015DE403500A3F7AE /* Frameworks */ = {
			isa = PBXGroup;
			children = (
				5F37C20115DE403500A3F7AE /* UIKit.framework */,
				5F37C20315DE403500A3F7AE /* Foundation.framework */,
				5F37C20515DE403500A3F7AE /* CoreGraphics.framework */,
				5F37C21915DE403500A3F7AE /* SenTestingKit.framework */,
			);
			name = Frameworks;
			sourceTree = "<group>";
		};
		5F37C20715DE403500A3F7AE /* UIXMLSamples */ = {
			isa = PBXGroup;
			children = (
				A025092D15E546EE009F2C59 /* PushFormCell */,
				A025092C15E546CD009F2C59 /* GenderCell */,
				A025092B15E546A4009F2C59 /* ListDataCell */,
				A05C6B3615DE415B00362113 /* RowSpanCell */,
				5FA03B9B1FC38AC20099C39B /* main.storyboard */,
				A05C6B3915DE41FB00362113 /* form-structure.plist */,
				A05C6B3B15DE41FB00362113 /* table-structure.plist */,
				5FA03B9D1FC38C780099C39B /* AppDelegate.swift */,
				5FA03B9F1FC4AEE70099C39B /* Form.swift */,
				5F26E07C1FC3890E00BE94DB /* UIXMLSamples-Bridging-Header.h */,
				5F37C20815DE403500A3F7AE /* Supporting Files */,
			);
			path = UIXMLSamples;
			sourceTree = "<group>";
		};
		5F37C20815DE403500A3F7AE /* Supporting Files */ = {
			isa = PBXGroup;
			children = (
				5F37C20915DE403500A3F7AE /* UIXMLSamples-Info.plist */,
				5F37C20A15DE403500A3F7AE /* InfoPlist.strings */,
				5F37C20F15DE403500A3F7AE /* UIXMLSamples-Prefix.pch */,
			);
			name = "Supporting Files";
			sourceTree = "<group>";
		};
		A025092B15E546A4009F2C59 /* ListDataCell */ = {
			isa = PBXGroup;
			children = (
				A05C6B2815DE403F00362113 /* ListDataEntryCell.xib */,
				5FEFB5DE1FC5ECA7009462F0 /* ListDataEntryCell.swift */,
			);
			name = ListDataCell;
			sourceTree = "<group>";
		};
		A025092C15E546CD009F2C59 /* GenderCell */ = {
			isa = PBXGroup;
			children = (
				A05C6B3C15DE41FB00362113 /* GenderDataEntryCell.xib */,
			);
			name = GenderCell;
			sourceTree = "<group>";
		};
		A025092D15E546EE009F2C59 /* PushFormCell */ = {
			isa = PBXGroup;
			children = (
				A05C6B3A15DE41FB00362113 /* form1-structure.plist */,
			);
			name = PushFormCell;
			sourceTree = "<group>";
		};
		A05C6B3615DE415B00362113 /* RowSpanCell */ = {
			isa = PBXGroup;
			children = (
				5FEFB5E01FC6C969009462F0 /* RowSpanCell.swift */,
				A082BB8315DE4689004C37BC /* RowSpanForm.plist */,
				A05C6B3715DE418000362113 /* RowSpanDataEntryCell.xib */,
			);
			name = RowSpanCell;
			sourceTree = "<group>";
		};
		A082BB8615DE47B5004C37BC /* UIXML */ = {
			isa = PBXGroup;
			children = (
				A025091E15E53CF2009F2C59 /* back24x24.png */,
				A025091F15E53CF2009F2C59 /* confirm24x24.png */,
				A025092015E53CF2009F2C59 /* edit32x32.png */,
				A025092115E53CF2009F2C59 /* write32x32.png */,
				A026075715DE921D009B2F72 /* PushTextEntryCell.xib */,
				A026075815DE921D009B2F72 /* PushDateEntryCell.xib */,
				A026075915DE921D009B2F72 /* PushWebViewEntryCell.xib */,
				A026075B15DE921D009B2F72 /* MailDataEntryCell.xib */,
				A026075C15DE921D009B2F72 /* PushFormDataEntryCell.xib */,
				A026075D15DE921D009B2F72 /* SwitchDataEntryCell.xib */,
				A026075E15DE921D009B2F72 /* TextDataEntryCell.xib */,
			);
			name = UIXML;
			sourceTree = "<group>";
		};
		A0840A8615DE440C001C08EC /* Products */ = {
			isa = PBXGroup;
			children = (
				A0840A9015DE440D001C08EC /* libUIXML.a */,
			);
			name = Products;
			sourceTree = "<group>";
		};
/* End PBXGroup section */

/* Begin PBXNativeTarget section */
		5F37C1FC15DE403500A3F7AE /* UIXMLSamples */ = {
			isa = PBXNativeTarget;
			buildConfigurationList = 5F37C22A15DE403500A3F7AE /* Build configuration list for PBXNativeTarget "UIXMLSamples" */;
			buildPhases = (
				5F37C1F915DE403500A3F7AE /* Sources */,
				5F37C1FA15DE403500A3F7AE /* Frameworks */,
				5F37C1FB15DE403500A3F7AE /* Resources */,
			);
			buildRules = (
			);
			dependencies = (
				A0840A9315DE4422001C08EC /* PBXTargetDependency */,
			);
			name = UIXMLSamples;
			productName = UIXMLSamples;
			productReference = 5F37C1FD15DE403500A3F7AE /* UIXMLSamples.app */;
			productType = "com.apple.product-type.application";
		};
/* End PBXNativeTarget section */

/* Begin PBXProject section */
		5F37C1F415DE403500A3F7AE /* Project object */ = {
			isa = PBXProject;
			attributes = {
				CLASSPREFIX = UIXML;
				LastUpgradeCheck = 0910;
				ORGANIZATIONNAME = soulsoftware;
				TargetAttributes = {
					5F37C1FC15DE403500A3F7AE = {
						DevelopmentTeam = 48J595L9BX;
						LastSwiftMigration = 0910;
					};
				};
			};
			buildConfigurationList = 5F37C1F715DE403500A3F7AE /* Build configuration list for PBXProject "UIXMLSamples" */;
			compatibilityVersion = "Xcode 3.2";
			developmentRegion = English;
			hasScannedForEncodings = 0;
			knownRegions = (
				en,
			);
			mainGroup = 5F37C1F215DE403500A3F7AE;
			productRefGroup = 5F37C1FE15DE403500A3F7AE /* Products */;
			projectDirPath = "";
			projectReferences = (
				{
					ProductGroup = A0840A8615DE440C001C08EC /* Products */;
					ProjectRef = A0840A8515DE440C001C08EC /* UIXML.xcodeproj */;
				},
			);
			projectRoot = "";
			targets = (
				5F37C1FC15DE403500A3F7AE /* UIXMLSamples */,
			);
		};
/* End PBXProject section */

/* Begin PBXReferenceProxy section */
		A0840A9015DE440D001C08EC /* libUIXML.a */ = {
			isa = PBXReferenceProxy;
			fileType = archive.ar;
			path = libUIXML.a;
			remoteRef = A0840A8F15DE440D001C08EC /* PBXContainerItemProxy */;
			sourceTree = BUILT_PRODUCTS_DIR;
		};
/* End PBXReferenceProxy section */

/* Begin PBXResourcesBuildPhase section */
		5F37C1FB15DE403500A3F7AE /* Resources */ = {
			isa = PBXResourcesBuildPhase;
			buildActionMask = 2147483647;
			files = (
				5F37C20C15DE403500A3F7AE /* InfoPlist.strings in Resources */,
				A05C6B3115DE403F00362113 /* ListDataEntryCell.xib in Resources */,
				A05C6B3815DE418000362113 /* RowSpanDataEntryCell.xib in Resources */,
				A05C6B3E15DE41FB00362113 /* form-structure.plist in Resources */,
				A05C6B3F15DE41FB00362113 /* form1-structure.plist in Resources */,
				A05C6B4015DE41FB00362113 /* table-structure.plist in Resources */,
				A05C6B4115DE41FB00362113 /* GenderDataEntryCell.xib in Resources */,
				A05C6B5715DE434B00362113 /* Localizable.strings in Resources */,
				A082BB8515DE4689004C37BC /* RowSpanForm.plist in Resources */,
				A026075F15DE921D009B2F72 /* PushTextEntryCell.xib in Resources */,
				A026076015DE921D009B2F72 /* PushDateEntryCell.xib in Resources */,
				A026076115DE921D009B2F72 /* PushWebViewEntryCell.xib in Resources */,
				A026076315DE921D009B2F72 /* MailDataEntryCell.xib in Resources */,
				A026076415DE921D009B2F72 /* PushFormDataEntryCell.xib in Resources */,
				A026076515DE921D009B2F72 /* SwitchDataEntryCell.xib in Resources */,
				5FA03B9C1FC38AC20099C39B /* main.storyboard in Resources */,
				A026076615DE921D009B2F72 /* TextDataEntryCell.xib in Resources */,
				A025092215E53CF2009F2C59 /* back24x24.png in Resources */,
				A025092315E53CF2009F2C59 /* confirm24x24.png in Resources */,
				A025092415E53CF2009F2C59 /* edit32x32.png in Resources */,
				A025092515E53CF2009F2C59 /* write32x32.png in Resources */,
			);
			runOnlyForDeploymentPostprocessing = 0;
		};
/* End PBXResourcesBuildPhase section */

/* Begin PBXSourcesBuildPhase section */
		5F37C1F915DE403500A3F7AE /* Sources */ = {
			isa = PBXSourcesBuildPhase;
			buildActionMask = 2147483647;
			files = (
				5FA03B9E1FC38C780099C39B /* AppDelegate.swift in Sources */,
				5FEFB5E11FC6C969009462F0 /* RowSpanCell.swift in Sources */,
				5FEFB5DF1FC5ECA7009462F0 /* ListDataEntryCell.swift in Sources */,
				5FA03BA01FC4AEE70099C39B /* Form.swift in Sources */,
			);
			runOnlyForDeploymentPostprocessing = 0;
		};
/* End PBXSourcesBuildPhase section */

/* Begin PBXTargetDependency section */
		A0840A9315DE4422001C08EC /* PBXTargetDependency */ = {
			isa = PBXTargetDependency;
			name = UIXML;
			targetProxy = A0840A9215DE4422001C08EC /* PBXContainerItemProxy */;
		};
/* End PBXTargetDependency section */

/* Begin PBXVariantGroup section */
		5F37C20A15DE403500A3F7AE /* InfoPlist.strings */ = {
			isa = PBXVariantGroup;
			children = (
				5F37C20B15DE403500A3F7AE /* en */,
			);
			name = InfoPlist.strings;
			sourceTree = "<group>";
		};
		A05C6B5415DE434B00362113 /* Localizable.strings */ = {
			isa = PBXVariantGroup;
			children = (
				A05C6B5515DE434B00362113 /* en */,
			);
			name = Localizable.strings;
			sourceTree = "<group>";
		};
		A082BB8315DE4689004C37BC /* RowSpanForm.plist */ = {
			isa = PBXVariantGroup;
			children = (
				A082BB8415DE4689004C37BC /* en */,
			);
			name = RowSpanForm.plist;
			sourceTree = "<group>";
		};
/* End PBXVariantGroup section */

/* Begin XCBuildConfiguration section */
		5F37C22815DE403500A3F7AE /* Debug */ = {
			isa = XCBuildConfiguration;
			buildSettings = {
				ALWAYS_SEARCH_USER_PATHS = NO;
				CLANG_CXX_LANGUAGE_STANDARD = "gnu++0x";
				CLANG_ENABLE_OBJC_ARC = YES;
				CLANG_WARN_BLOCK_CAPTURE_AUTORELEASING = YES;
				CLANG_WARN_BOOL_CONVERSION = YES;
				CLANG_WARN_COMMA = YES;
				CLANG_WARN_CONSTANT_CONVERSION = YES;
				CLANG_WARN_EMPTY_BODY = YES;
				CLANG_WARN_ENUM_CONVERSION = YES;
				CLANG_WARN_INFINITE_RECURSION = YES;
				CLANG_WARN_INT_CONVERSION = YES;
				CLANG_WARN_NON_LITERAL_NULL_CONVERSION = YES;
				CLANG_WARN_OBJC_LITERAL_CONVERSION = YES;
				CLANG_WARN_RANGE_LOOP_ANALYSIS = YES;
				CLANG_WARN_STRICT_PROTOTYPES = YES;
				CLANG_WARN_SUSPICIOUS_MOVE = YES;
				CLANG_WARN_UNREACHABLE_CODE = YES;
				CLANG_WARN__DUPLICATE_METHOD_MATCH = YES;
				"CODE_SIGN_IDENTITY[sdk=iphoneos*]" = "iPhone Developer";
				COPY_PHASE_STRIP = NO;
				ENABLE_STRICT_OBJC_MSGSEND = YES;
				ENABLE_TESTABILITY = YES;
				GCC_C_LANGUAGE_STANDARD = gnu99;
				GCC_DYNAMIC_NO_PIC = NO;
				GCC_NO_COMMON_BLOCKS = YES;
				GCC_OPTIMIZATION_LEVEL = 0;
				GCC_PREPROCESSOR_DEFINITIONS = (
					"DEBUG=1",
					"$(inherited)",
				);
				GCC_SYMBOLS_PRIVATE_EXTERN = NO;
				GCC_VERSION = com.apple.compilers.llvm.clang.1_0;
				GCC_WARN_64_TO_32_BIT_CONVERSION = YES;
				GCC_WARN_ABOUT_RETURN_TYPE = YES;
				GCC_WARN_UNDECLARED_SELECTOR = YES;
				GCC_WARN_UNINITIALIZED_AUTOS = YES;
				GCC_WARN_UNUSED_FUNCTION = YES;
				GCC_WARN_UNUSED_VARIABLE = YES;
				HEADER_SEARCH_PATHS = ..;
				IPHONEOS_DEPLOYMENT_TARGET = 8.0;
				ONLY_ACTIVE_ARCH = YES;
				OTHER_LDFLAGS = (
					"-all_load",
					"-ObjC",
				);
				SDKROOT = iphoneos;
				TARGETED_DEVICE_FAMILY = "1,2";
			};
			name = Debug;
		};
		5F37C22915DE403500A3F7AE /* Release */ = {
			isa = XCBuildConfiguration;
			buildSettings = {
				ALWAYS_SEARCH_USER_PATHS = NO;
				CLANG_CXX_LANGUAGE_STANDARD = "gnu++0x";
				CLANG_ENABLE_OBJC_ARC = YES;
				CLANG_WARN_BLOCK_CAPTURE_AUTORELEASING = YES;
				CLANG_WARN_BOOL_CONVERSION = YES;
				CLANG_WARN_COMMA = YES;
				CLANG_WARN_CONSTANT_CONVERSION = YES;
				CLANG_WARN_EMPTY_BODY = YES;
				CLANG_WARN_ENUM_CONVERSION = YES;
				CLANG_WARN_INFINITE_RECURSION = YES;
				CLANG_WARN_INT_CONVERSION = YES;
				CLANG_WARN_NON_LITERAL_NULL_CONVERSION = YES;
				CLANG_WARN_OBJC_LITERAL_CONVERSION = YES;
				CLANG_WARN_RANGE_LOOP_ANALYSIS = YES;
				CLANG_WARN_STRICT_PROTOTYPES = YES;
				CLANG_WARN_SUSPICIOUS_MOVE = YES;
				CLANG_WARN_UNREACHABLE_CODE = YES;
				CLANG_WARN__DUPLICATE_METHOD_MATCH = YES;
				"CODE_SIGN_IDENTITY[sdk=iphoneos*]" = "iPhone Developer";
				COPY_PHASE_STRIP = YES;
				ENABLE_STRICT_OBJC_MSGSEND = YES;
				GCC_C_LANGUAGE_STANDARD = gnu99;
				GCC_NO_COMMON_BLOCKS = YES;
				GCC_VERSION = com.apple.compilers.llvm.clang.1_0;
				GCC_WARN_64_TO_32_BIT_CONVERSION = YES;
				GCC_WARN_ABOUT_RETURN_TYPE = YES;
				GCC_WARN_UNDECLARED_SELECTOR = YES;
				GCC_WARN_UNINITIALIZED_AUTOS = YES;
				GCC_WARN_UNUSED_FUNCTION = YES;
				GCC_WARN_UNUSED_VARIABLE = YES;
				HEADER_SEARCH_PATHS = ..;
				IPHONEOS_DEPLOYMENT_TARGET = 8.0;
				OTHER_CFLAGS = "-DNS_BLOCK_ASSERTIONS=1";
				OTHER_LDFLAGS = (
					"-all_load",
					"-ObjC",
				);
				SDKROOT = iphoneos;
				SWIFT_OPTIMIZATION_LEVEL = "-Owholemodule";
				TARGETED_DEVICE_FAMILY = "1,2";
				VALIDATE_PRODUCT = YES;
			};
			name = Release;
		};
		5F37C22B15DE403500A3F7AE /* Debug */ = {
			isa = XCBuildConfiguration;
			buildSettings = {
				CLANG_ENABLE_MODULES = YES;
				DEVELOPMENT_TEAM = 48J595L9BX;
				GCC_PRECOMPILE_PREFIX_HEADER = YES;
				GCC_PREFIX_HEADER = "UIXMLSamples/UIXMLSamples-Prefix.pch";
				INFOPLIST_FILE = "UIXMLSamples/UIXMLSamples-Info.plist";
				IPHONEOS_DEPLOYMENT_TARGET = 9.0;
				LD_RUNPATH_SEARCH_PATHS = "$(inherited) @executable_path/Frameworks";
				ONLY_ACTIVE_ARCH = YES;
				OTHER_LDFLAGS = (
					"-all_load",
					"-ObjC",
				);
				PRODUCT_BUNDLE_IDENTIFIER = "org.bsc.${PRODUCT_NAME:rfc1034identifier}";
				PRODUCT_NAME = "$(TARGET_NAME)";
				SWIFT_OBJC_BRIDGING_HEADER = "UIXMLSamples/UIXMLSamples-Bridging-Header.h";
				SWIFT_OPTIMIZATION_LEVEL = "-Onone";
				SWIFT_VERSION = 3.0;
				WRAPPER_EXTENSION = app;
			};
			name = Debug;
		};
		5F37C22C15DE403500A3F7AE /* Release */ = {
			isa = XCBuildConfiguration;
			buildSettings = {
				CLANG_ENABLE_MODULES = YES;
				DEVELOPMENT_TEAM = 48J595L9BX;
				GCC_PRECOMPILE_PREFIX_HEADER = YES;
				GCC_PREFIX_HEADER = "UIXMLSamples/UIXMLSamples-Prefix.pch";
				INFOPLIST_FILE = "UIXMLSamples/UIXMLSamples-Info.plist";
				IPHONEOS_DEPLOYMENT_TARGET = 9.0;
				LD_RUNPATH_SEARCH_PATHS = "$(inherited) @executable_path/Frameworks";
				ONLY_ACTIVE_ARCH = YES;
				OTHER_LDFLAGS = (
					"-all_load",
					"-ObjC",
				);
				PRODUCT_BUNDLE_IDENTIFIER = "org.bsc.${PRODUCT_NAME:rfc1034identifier}";
				PRODUCT_NAME = "$(TARGET_NAME)";
				SWIFT_OBJC_BRIDGING_HEADER = "UIXMLSamples/UIXMLSamples-Bridging-Header.h";
				SWIFT_VERSION = 3.0;
				WRAPPER_EXTENSION = app;
			};
			name = Release;
		};
/* End XCBuildConfiguration section */

/* Begin XCConfigurationList section */
		5F37C1F715DE403500A3F7AE /* Build configuration list for PBXProject "UIXMLSamples" */ = {
			isa = XCConfigurationList;
			buildConfigurations = (
				5F37C22815DE403500A3F7AE /* Debug */,
				5F37C22915DE403500A3F7AE /* Release */,
			);
			defaultConfigurationIsVisible = 0;
			defaultConfigurationName = Release;
		};
		5F37C22A15DE403500A3F7AE /* Build configuration list for PBXNativeTarget "UIXMLSamples" */ = {
			isa = XCConfigurationList;
			buildConfigurations = (
				5F37C22B15DE403500A3F7AE /* Debug */,
				5F37C22C15DE403500A3F7AE /* Release */,
			);
			defaultConfigurationIsVisible = 0;
			defaultConfigurationName = Release;
		};
/* End XCConfigurationList section */
	};
	rootObject = 5F37C1F415DE403500A3F7AE /* Project object */;
}
