// !$*UTF8*$!
{
	archiveVersion = 1;
	classes = {
	};
	objectVersion = 46;
	objects = {

/* Begin PBXBuildFile section */
		5F03208615D56A0F004F2EA4 /* UIXML.h in Headers */ = {isa = PBXBuildFile; fileRef = 5F03208515D56A0F004F2EA4 /* UIXML.h */; };
		5F052D9815CBEB5300330214 /* WaitMaskController.h in Headers */ = {isa = PBXBuildFile; fileRef = 5F052D9615CBEB5300330214 /* WaitMaskController.h */; };
		5F052D9915CBEB5300330214 /* WaitMaskController.m in Sources */ = {isa = PBXBuildFile; fileRef = 5F052D9715CBEB5300330214 /* WaitMaskController.m */; };
		5F062F6B13774CBE00FAC388 /* PushWebViewEntryCell.h in Headers */ = {isa = PBXBuildFile; fileRef = 5F062F6913774CBE00FAC388 /* PushWebViewEntryCell.h */; };
		5F062F6C13774CBE00FAC388 /* PushWebViewEntryCell.m in Sources */ = {isa = PBXBuildFile; fileRef = 5F062F6A13774CBE00FAC388 /* PushWebViewEntryCell.m */; };
		5F27A0C61FE17CE000608C4D /* NSBundle+UIXML.h in Headers */ = {isa = PBXBuildFile; fileRef = 5F27A0C51FE17CE000608C4D /* NSBundle+UIXML.h */; };
		5F30ABCD1297F96700540544 /* SwitchDataEntryCell.h in Headers */ = {isa = PBXBuildFile; fileRef = 5F30ABCB1297F96700540544 /* SwitchDataEntryCell.h */; };
		5F30ABCE1297F96700540544 /* SwitchDataEntryCell.m in Sources */ = {isa = PBXBuildFile; fileRef = 5F30ABCC1297F96700540544 /* SwitchDataEntryCell.m */; };
		5FA7E23E1296F264000F493B /* BaseDataEntryCell.h in Headers */ = {isa = PBXBuildFile; fileRef = 5FA7E23A1296F264000F493B /* BaseDataEntryCell.h */; };
		5FA7E23F1296F264000F493B /* BaseDataEntryCell.m in Sources */ = {isa = PBXBuildFile; fileRef = 5FA7E23B1296F264000F493B /* BaseDataEntryCell.m */; };
		5FA7E2401296F264000F493B /* TextDataEntryCell.h in Headers */ = {isa = PBXBuildFile; fileRef = 5FA7E23C1296F264000F493B /* TextDataEntryCell.h */; };
		5FA7E2411296F264000F493B /* TextDataEntryCell.m in Sources */ = {isa = PBXBuildFile; fileRef = 5FA7E23D1296F264000F493B /* TextDataEntryCell.m */; };
		5FA7E2441296F2AE000F493B /* UIXMLFormViewController.h in Headers */ = {isa = PBXBuildFile; fileRef = 5FA7E2421296F2AD000F493B /* UIXMLFormViewController.h */; settings = {ATTRIBUTES = (Public, ); }; };
		5FA7E2451296F2AE000F493B /* UIXMLFormViewController.m in Sources */ = {isa = PBXBuildFile; fileRef = 5FA7E2431296F2AE000F493B /* UIXMLFormViewController.m */; };
		5FEFB5E61FC9B424009462F0 /* NSDictionary+CellData.h in Headers */ = {isa = PBXBuildFile; fileRef = 5FEFB5E51FC9B424009462F0 /* NSDictionary+CellData.h */; };
		5FF78F3A12E795A8008EA886 /* PushTextEntryCell.h in Headers */ = {isa = PBXBuildFile; fileRef = 5FF78F3812E795A8008EA886 /* PushTextEntryCell.h */; };
		5FF78F3B12E795A8008EA886 /* PushTextEntryCell.m in Sources */ = {isa = PBXBuildFile; fileRef = 5FF78F3912E795A8008EA886 /* PushTextEntryCell.m */; };
		A01671DB12AE80920056F855 /* PushControllerDataEntryCell.h in Headers */ = {isa = PBXBuildFile; fileRef = A01671D912AE80920056F855 /* PushControllerDataEntryCell.h */; };
		A01671DC12AE80920056F855 /* PushControllerDataEntryCell.m in Sources */ = {isa = PBXBuildFile; fileRef = A01671DA12AE80920056F855 /* PushControllerDataEntryCell.m */; };
		A01671E012AE80A90056F855 /* PushFormDataEntryCell.h in Headers */ = {isa = PBXBuildFile; fileRef = A01671DD12AE80A90056F855 /* PushFormDataEntryCell.h */; };
		A01671E112AE80A90056F855 /* PushFormDataEntryCell.m in Sources */ = {isa = PBXBuildFile; fileRef = A01671DE12AE80A90056F855 /* PushFormDataEntryCell.m */; };
		A01671E212AE80A90056F855 /* UIXMLFormViewControllerDelegate.h in Headers */ = {isa = PBXBuildFile; fileRef = A01671DF12AE80A90056F855 /* UIXMLFormViewControllerDelegate.h */; };
		A065363F12D3A52F0001D660 /* PushDateEntryCell.h in Headers */ = {isa = PBXBuildFile; fileRef = A065363D12D3A52F0001D660 /* PushDateEntryCell.h */; };
		A065364012D3A52F0001D660 /* PushDateEntryCell.m in Sources */ = {isa = PBXBuildFile; fileRef = A065363E12D3A52F0001D660 /* PushDateEntryCell.m */; };
		A0BB5C8912D5E87600F7E563 /* SegmentedDataEntryCell.h in Headers */ = {isa = PBXBuildFile; fileRef = A0BB5C8712D5E87600F7E563 /* SegmentedDataEntryCell.h */; };
		A0BB5C8A12D5E87600F7E563 /* SegmentedDataEntryCell.m in Sources */ = {isa = PBXBuildFile; fileRef = A0BB5C8812D5E87600F7E563 /* SegmentedDataEntryCell.m */; };
		AACBBE4A0F95108600F1A2B1 /* Foundation.framework in Frameworks */ = {isa = PBXBuildFile; fileRef = AACBBE490F95108600F1A2B1 /* Foundation.framework */; };
/* End PBXBuildFile section */

/* Begin PBXFileReference section */
		5F03208515D56A0F004F2EA4 /* UIXML.h */ = {isa = PBXFileReference; fileEncoding = 4; lastKnownFileType = sourcecode.c.h; path = UIXML.h; sourceTree = "<group>"; };
		5F052D9615CBEB5300330214 /* WaitMaskController.h */ = {isa = PBXFileReference; fileEncoding = 4; lastKnownFileType = sourcecode.c.h; path = WaitMaskController.h; sourceTree = "<group>"; };
		5F052D9715CBEB5300330214 /* WaitMaskController.m */ = {isa = PBXFileReference; fileEncoding = 4; lastKnownFileType = sourcecode.c.objc; path = WaitMaskController.m; sourceTree = "<group>"; };
		5F062F6913774CBE00FAC388 /* PushWebViewEntryCell.h */ = {isa = PBXFileReference; fileEncoding = 4; lastKnownFileType = sourcecode.c.h; path = PushWebViewEntryCell.h; sourceTree = "<group>"; };
		5F062F6A13774CBE00FAC388 /* PushWebViewEntryCell.m */ = {isa = PBXFileReference; fileEncoding = 4; lastKnownFileType = sourcecode.c.objc; path = PushWebViewEntryCell.m; sourceTree = "<group>"; };
		5F27A0C51FE17CE000608C4D /* NSBundle+UIXML.h */ = {isa = PBXFileReference; lastKnownFileType = sourcecode.c.h; path = "NSBundle+UIXML.h"; sourceTree = "<group>"; };
		5F30ABCB1297F96700540544 /* SwitchDataEntryCell.h */ = {isa = PBXFileReference; fileEncoding = 4; lastKnownFileType = sourcecode.c.h; path = SwitchDataEntryCell.h; sourceTree = "<group>"; };
		5F30ABCC1297F96700540544 /* SwitchDataEntryCell.m */ = {isa = PBXFileReference; fileEncoding = 4; lastKnownFileType = sourcecode.c.objc; path = SwitchDataEntryCell.m; sourceTree = "<group>"; };
		5F6133CB1FC0518A00F346AF /* UIXML-Bridging-Header.h */ = {isa = PBXFileReference; lastKnownFileType = sourcecode.c.h; path = "UIXML-Bridging-Header.h"; sourceTree = "<group>"; };
		5F777C2E1359DC1D003AFC9E /* edit32x32.png */ = {isa = PBXFileReference; lastKnownFileType = image.png; path = edit32x32.png; sourceTree = "<group>"; };
		5F777C2F1359DC1D003AFC9E /* write32x32.png */ = {isa = PBXFileReference; lastKnownFileType = image.png; path = write32x32.png; sourceTree = "<group>"; };
		5F8BD84D13B2569400A33B0A /* back24x24.png */ = {isa = PBXFileReference; lastKnownFileType = image.png; path = back24x24.png; sourceTree = "<group>"; };
		5FA7E23A1296F264000F493B /* BaseDataEntryCell.h */ = {isa = PBXFileReference; fileEncoding = 4; lastKnownFileType = sourcecode.c.h; path = BaseDataEntryCell.h; sourceTree = "<group>"; };
		5FA7E23B1296F264000F493B /* BaseDataEntryCell.m */ = {isa = PBXFileReference; fileEncoding = 4; lastKnownFileType = sourcecode.c.objc; path = BaseDataEntryCell.m; sourceTree = "<group>"; };
		5FA7E23C1296F264000F493B /* TextDataEntryCell.h */ = {isa = PBXFileReference; fileEncoding = 4; lastKnownFileType = sourcecode.c.h; path = TextDataEntryCell.h; sourceTree = "<group>"; };
		5FA7E23D1296F264000F493B /* TextDataEntryCell.m */ = {isa = PBXFileReference; fileEncoding = 4; lastKnownFileType = sourcecode.c.objc; path = TextDataEntryCell.m; sourceTree = "<group>"; };
		5FA7E2421296F2AD000F493B /* UIXMLFormViewController.h */ = {isa = PBXFileReference; fileEncoding = 4; lastKnownFileType = sourcecode.c.h; path = UIXMLFormViewController.h; sourceTree = "<group>"; };
		5FA7E2431296F2AE000F493B /* UIXMLFormViewController.m */ = {isa = PBXFileReference; fileEncoding = 4; lastKnownFileType = sourcecode.c.objc; path = UIXMLFormViewController.m; sourceTree = "<group>"; };
		5FEFB5E31FC7216D009462F0 /* UIXML.podspec */ = {isa = PBXFileReference; fileEncoding = 4; lastKnownFileType = text; path = UIXML.podspec; sourceTree = "<group>"; };
		5FEFB5E51FC9B424009462F0 /* NSDictionary+CellData.h */ = {isa = PBXFileReference; lastKnownFileType = sourcecode.c.h; path = "NSDictionary+CellData.h"; sourceTree = "<group>"; };
		5FF78F3812E795A8008EA886 /* PushTextEntryCell.h */ = {isa = PBXFileReference; fileEncoding = 4; lastKnownFileType = sourcecode.c.h; path = PushTextEntryCell.h; sourceTree = "<group>"; };
		5FF78F3912E795A8008EA886 /* PushTextEntryCell.m */ = {isa = PBXFileReference; fileEncoding = 4; lastKnownFileType = sourcecode.c.objc; path = PushTextEntryCell.m; sourceTree = "<group>"; };
		5FF78F7A12E7A005008EA886 /* chevron.png */ = {isa = PBXFileReference; lastKnownFileType = image.png; path = chevron.png; sourceTree = "<group>"; };
		A01671D912AE80920056F855 /* PushControllerDataEntryCell.h */ = {isa = PBXFileReference; fileEncoding = 4; lastKnownFileType = sourcecode.c.h; path = PushControllerDataEntryCell.h; sourceTree = "<group>"; };
		A01671DA12AE80920056F855 /* PushControllerDataEntryCell.m */ = {isa = PBXFileReference; fileEncoding = 4; lastKnownFileType = sourcecode.c.objc; path = PushControllerDataEntryCell.m; sourceTree = "<group>"; };
		A01671DD12AE80A90056F855 /* PushFormDataEntryCell.h */ = {isa = PBXFileReference; fileEncoding = 4; lastKnownFileType = sourcecode.c.h; path = PushFormDataEntryCell.h; sourceTree = "<group>"; };
		A01671DE12AE80A90056F855 /* PushFormDataEntryCell.m */ = {isa = PBXFileReference; fileEncoding = 4; lastKnownFileType = sourcecode.c.objc; path = PushFormDataEntryCell.m; sourceTree = "<group>"; };
		A01671DF12AE80A90056F855 /* UIXMLFormViewControllerDelegate.h */ = {isa = PBXFileReference; fileEncoding = 4; lastKnownFileType = sourcecode.c.h; path = UIXMLFormViewControllerDelegate.h; sourceTree = "<group>"; };
		A026074E15DE918B009B2F72 /* confirm24x24.png */ = {isa = PBXFileReference; lastKnownFileType = image.png; path = confirm24x24.png; sourceTree = "<group>"; };
		A026074F15DE918B009B2F72 /* PushTextEntryCell.xib */ = {isa = PBXFileReference; fileEncoding = 4; lastKnownFileType = file.xib; path = PushTextEntryCell.xib; sourceTree = "<group>"; };
		A026075015DE918B009B2F72 /* PushDateEntryCell.xib */ = {isa = PBXFileReference; fileEncoding = 4; lastKnownFileType = file.xib; path = PushDateEntryCell.xib; sourceTree = "<group>"; };
		A026075115DE918B009B2F72 /* PushWebViewEntryCell.xib */ = {isa = PBXFileReference; fileEncoding = 4; lastKnownFileType = file.xib; path = PushWebViewEntryCell.xib; sourceTree = "<group>"; };
		A026075315DE918B009B2F72 /* MailDataEntryCell.xib */ = {isa = PBXFileReference; fileEncoding = 4; lastKnownFileType = file.xib; path = MailDataEntryCell.xib; sourceTree = "<group>"; };
		A026075415DE918B009B2F72 /* PushFormDataEntryCell.xib */ = {isa = PBXFileReference; fileEncoding = 4; lastKnownFileType = file.xib; path = PushFormDataEntryCell.xib; sourceTree = "<group>"; };
		A026075515DE918B009B2F72 /* SwitchDataEntryCell.xib */ = {isa = PBXFileReference; fileEncoding = 4; lastKnownFileType = file.xib; path = SwitchDataEntryCell.xib; sourceTree = "<group>"; };
		A026075615DE918B009B2F72 /* TextDataEntryCell.xib */ = {isa = PBXFileReference; fileEncoding = 4; lastKnownFileType = file.xib; path = TextDataEntryCell.xib; sourceTree = "<group>"; };
		A065363D12D3A52F0001D660 /* PushDateEntryCell.h */ = {isa = PBXFileReference; fileEncoding = 4; lastKnownFileType = sourcecode.c.h; path = PushDateEntryCell.h; sourceTree = "<group>"; };
		A065363E12D3A52F0001D660 /* PushDateEntryCell.m */ = {isa = PBXFileReference; fileEncoding = 4; lastKnownFileType = sourcecode.c.objc; path = PushDateEntryCell.m; sourceTree = "<group>"; };
		A08CD09B13BB86CF00B04711 /* UIKit.framework */ = {isa = PBXFileReference; lastKnownFileType = wrapper.framework; name = UIKit.framework; path = System/Library/Frameworks/UIKit.framework; sourceTree = SDKROOT; };
		A08CD09E13BB86CF00B04711 /* CoreGraphics.framework */ = {isa = PBXFileReference; lastKnownFileType = wrapper.framework; name = CoreGraphics.framework; path = System/Library/Frameworks/CoreGraphics.framework; sourceTree = SDKROOT; };
		A0BB5C8712D5E87600F7E563 /* SegmentedDataEntryCell.h */ = {isa = PBXFileReference; fileEncoding = 4; lastKnownFileType = sourcecode.c.h; path = SegmentedDataEntryCell.h; sourceTree = "<group>"; };
		A0BB5C8812D5E87600F7E563 /* SegmentedDataEntryCell.m */ = {isa = PBXFileReference; fileEncoding = 4; lastKnownFileType = sourcecode.c.objc; path = SegmentedDataEntryCell.m; sourceTree = "<group>"; };
		AACBBE490F95108600F1A2B1 /* Foundation.framework */ = {isa = PBXFileReference; lastKnownFileType = wrapper.framework; name = Foundation.framework; path = System/Library/Frameworks/Foundation.framework; sourceTree = SDKROOT; };
		D2AAC07E0554694100DB518D /* libUIXML.a */ = {isa = PBXFileReference; explicitFileType = archive.ar; includeInIndex = 0; path = libUIXML.a; sourceTree = BUILT_PRODUCTS_DIR; };
/* End PBXFileReference section */

/* Begin PBXFrameworksBuildPhase section */
		D2AAC07C0554694100DB518D /* Frameworks */ = {
			isa = PBXFrameworksBuildPhase;
			buildActionMask = 2147483647;
			files = (
				AACBBE4A0F95108600F1A2B1 /* Foundation.framework in Frameworks */,
			);
			runOnlyForDeploymentPostprocessing = 0;
		};
/* End PBXFrameworksBuildPhase section */

/* Begin PBXGroup section */
		034768DFFF38A50411DB9C8B /* Products */ = {
			isa = PBXGroup;
			children = (
				D2AAC07E0554694100DB518D /* libUIXML.a */,
			);
			name = Products;
			sourceTree = "<group>";
		};
		0867D691FE84028FC02AAC07 /* UIXML */ = {
			isa = PBXGroup;
			children = (
				5FEFB5E31FC7216D009462F0 /* UIXML.podspec */,
				A025092A15E53E15009F2C59 /* PushTextCell */,
				A025092815E53D8A009F2C59 /* TextCell */,
				A025092715E53D62009F2C59 /* SegmentedCell */,
				A025092615E53D49009F2C59 /* SwitchCell */,
				A025092915E53DE7009F2C59 /* PushFormCell */,
				A025091D15E53C54009F2C59 /* PushDateCell */,
				A025091C15E53B1C009F2C59 /* PushWebViewCell */,
				5F30ABAE1297F61500540544 /* Resources */,
				08FB77AEFE84172EC02AAC07 /* Classes */,
				32C88DFF0371C24200C91783 /* Other Sources */,
				0867D69AFE84028FC02AAC07 /* Frameworks */,
				034768DFFF38A50411DB9C8B /* Products */,
			);
			name = UIXML;
			sourceTree = "<group>";
		};
		0867D69AFE84028FC02AAC07 /* Frameworks */ = {
			isa = PBXGroup;
			children = (
				AACBBE490F95108600F1A2B1 /* Foundation.framework */,
				A08CD09B13BB86CF00B04711 /* UIKit.framework */,
				A08CD09E13BB86CF00B04711 /* CoreGraphics.framework */,
			);
			name = Frameworks;
			sourceTree = "<group>";
		};
		08FB77AEFE84172EC02AAC07 /* Classes */ = {
			isa = PBXGroup;
			children = (
				A01671D912AE80920056F855 /* PushControllerDataEntryCell.h */,
				A01671DA12AE80920056F855 /* PushControllerDataEntryCell.m */,
				5FA7E23A1296F264000F493B /* BaseDataEntryCell.h */,
				5FA7E23B1296F264000F493B /* BaseDataEntryCell.m */,
				5FEFB5E51FC9B424009462F0 /* NSDictionary+CellData.h */,
				5F052D9615CBEB5300330214 /* WaitMaskController.h */,
				5F052D9715CBEB5300330214 /* WaitMaskController.m */,
				A01671DF12AE80A90056F855 /* UIXMLFormViewControllerDelegate.h */,
				5FA7E2421296F2AD000F493B /* UIXMLFormViewController.h */,
				5FA7E2431296F2AE000F493B /* UIXMLFormViewController.m */,
				5F03208515D56A0F004F2EA4 /* UIXML.h */,
				5F6133CB1FC0518A00F346AF /* UIXML-Bridging-Header.h */,
				5F27A0C51FE17CE000608C4D /* NSBundle+UIXML.h */,
			);
			name = Classes;
			sourceTree = "<group>";
		};
		32C88DFF0371C24200C91783 /* Other Sources */ = {
			isa = PBXGroup;
			children = (
			);
			name = "Other Sources";
			sourceTree = "<group>";
		};
		5F30ABAE1297F61500540544 /* Resources */ = {
			isa = PBXGroup;
			children = (
				5FF78F7A12E7A005008EA886 /* chevron.png */,
			);
			name = Resources;
			sourceTree = "<group>";
		};
		A025091C15E53B1C009F2C59 /* PushWebViewCell */ = {
			isa = PBXGroup;
			children = (
				5F062F6913774CBE00FAC388 /* PushWebViewEntryCell.h */,
				5F062F6A13774CBE00FAC388 /* PushWebViewEntryCell.m */,
				A026075115DE918B009B2F72 /* PushWebViewEntryCell.xib */,
				A026074E15DE918B009B2F72 /* confirm24x24.png */,
				5F8BD84D13B2569400A33B0A /* back24x24.png */,
			);
			name = PushWebViewCell;
			sourceTree = "<group>";
		};
		A025091D15E53C54009F2C59 /* PushDateCell */ = {
			isa = PBXGroup;
			children = (
				A065363D12D3A52F0001D660 /* PushDateEntryCell.h */,
				A065363E12D3A52F0001D660 /* PushDateEntryCell.m */,
				A026075015DE918B009B2F72 /* PushDateEntryCell.xib */,
			);
			name = PushDateCell;
			sourceTree = "<group>";
		};
		A025092615E53D49009F2C59 /* SwitchCell */ = {
			isa = PBXGroup;
			children = (
				5F30ABCB1297F96700540544 /* SwitchDataEntryCell.h */,
				5F30ABCC1297F96700540544 /* SwitchDataEntryCell.m */,
				A026075515DE918B009B2F72 /* SwitchDataEntryCell.xib */,
			);
			name = SwitchCell;
			sourceTree = "<group>";
		};
		A025092715E53D62009F2C59 /* SegmentedCell */ = {
			isa = PBXGroup;
			children = (
				A0BB5C8712D5E87600F7E563 /* SegmentedDataEntryCell.h */,
				A0BB5C8812D5E87600F7E563 /* SegmentedDataEntryCell.m */,
			);
			name = SegmentedCell;
			sourceTree = "<group>";
		};
		A025092815E53D8A009F2C59 /* TextCell */ = {
			isa = PBXGroup;
			children = (
				5FA7E23C1296F264000F493B /* TextDataEntryCell.h */,
				5FA7E23D1296F264000F493B /* TextDataEntryCell.m */,
				A026075615DE918B009B2F72 /* TextDataEntryCell.xib */,
				A026075315DE918B009B2F72 /* MailDataEntryCell.xib */,
			);
			name = TextCell;
			sourceTree = "<group>";
		};
		A025092915E53DE7009F2C59 /* PushFormCell */ = {
			isa = PBXGroup;
			children = (
				A01671DD12AE80A90056F855 /* PushFormDataEntryCell.h */,
				A01671DE12AE80A90056F855 /* PushFormDataEntryCell.m */,
				A026075415DE918B009B2F72 /* PushFormDataEntryCell.xib */,
			);
			name = PushFormCell;
			sourceTree = "<group>";
		};
		A025092A15E53E15009F2C59 /* PushTextCell */ = {
			isa = PBXGroup;
			children = (
				5FF78F3812E795A8008EA886 /* PushTextEntryCell.h */,
				5FF78F3912E795A8008EA886 /* PushTextEntryCell.m */,
				A026074F15DE918B009B2F72 /* PushTextEntryCell.xib */,
				5F777C2E1359DC1D003AFC9E /* edit32x32.png */,
				5F777C2F1359DC1D003AFC9E /* write32x32.png */,
			);
			name = PushTextCell;
			sourceTree = "<group>";
		};
/* End PBXGroup section */

/* Begin PBXHeadersBuildPhase section */
		D2AAC07A0554694100DB518D /* Headers */ = {
			isa = PBXHeadersBuildPhase;
			buildActionMask = 2147483647;
			files = (
				5FA7E23E1296F264000F493B /* BaseDataEntryCell.h in Headers */,
				5FA7E2401296F264000F493B /* TextDataEntryCell.h in Headers */,
				5F27A0C61FE17CE000608C4D /* NSBundle+UIXML.h in Headers */,
				5FA7E2441296F2AE000F493B /* UIXMLFormViewController.h in Headers */,
				5FEFB5E61FC9B424009462F0 /* NSDictionary+CellData.h in Headers */,
				5F30ABCD1297F96700540544 /* SwitchDataEntryCell.h in Headers */,
				A01671DB12AE80920056F855 /* PushControllerDataEntryCell.h in Headers */,
				A01671E012AE80A90056F855 /* PushFormDataEntryCell.h in Headers */,
				A01671E212AE80A90056F855 /* UIXMLFormViewControllerDelegate.h in Headers */,
				A065363F12D3A52F0001D660 /* PushDateEntryCell.h in Headers */,
				A0BB5C8912D5E87600F7E563 /* SegmentedDataEntryCell.h in Headers */,
				5FF78F3A12E795A8008EA886 /* PushTextEntryCell.h in Headers */,
				5F062F6B13774CBE00FAC388 /* PushWebViewEntryCell.h in Headers */,
				5F052D9815CBEB5300330214 /* WaitMaskController.h in Headers */,
				5F03208615D56A0F004F2EA4 /* UIXML.h in Headers */,
			);
			runOnlyForDeploymentPostprocessing = 0;
		};
/* End PBXHeadersBuildPhase section */

/* Begin PBXNativeTarget section */
		D2AAC07D0554694100DB518D /* UIXML */ = {
			isa = PBXNativeTarget;
			buildConfigurationList = 1DEB921E08733DC00010E9CD /* Build configuration list for PBXNativeTarget "UIXML" */;
			buildPhases = (
				D2AAC07A0554694100DB518D /* Headers */,
				D2AAC07B0554694100DB518D /* Sources */,
				D2AAC07C0554694100DB518D /* Frameworks */,
			);
			buildRules = (
			);
			dependencies = (
			);
			name = UIXML;
			productName = UIXML;
			productReference = D2AAC07E0554694100DB518D /* libUIXML.a */;
			productType = "com.apple.product-type.library.static";
		};
/* End PBXNativeTarget section */

/* Begin PBXProject section */
		0867D690FE84028FC02AAC07 /* Project object */ = {
			isa = PBXProject;
			attributes = {
				LastUpgradeCheck = 0910;
				ORGANIZATIONNAME = SOUL;
				TargetAttributes = {
					D2AAC07D0554694100DB518D = {
						LastSwiftMigration = 0910;
					};
				};
			};
			buildConfigurationList = 1DEB922208733DC00010E9CD /* Build configuration list for PBXProject "UIXML" */;
			compatibilityVersion = "Xcode 3.2";
			developmentRegion = English;
			hasScannedForEncodings = 1;
			knownRegions = (
				English,
				Japanese,
				French,
				German,
				en,
			);
			mainGroup = 0867D691FE84028FC02AAC07 /* UIXML */;
			productRefGroup = 034768DFFF38A50411DB9C8B /* Products */;
			projectDirPath = "";
			projectRoot = "";
			targets = (
				D2AAC07D0554694100DB518D /* UIXML */,
			);
		};
/* End PBXProject section */

/* Begin PBXSourcesBuildPhase section */
		D2AAC07B0554694100DB518D /* Sources */ = {
			isa = PBXSourcesBuildPhase;
			buildActionMask = 2147483647;
			files = (
				5FA7E23F1296F264000F493B /* BaseDataEntryCell.m in Sources */,
				5FA7E2411296F264000F493B /* TextDataEntryCell.m in Sources */,
				5FA7E2451296F2AE000F493B /* UIXMLFormViewController.m in Sources */,
				5F30ABCE1297F96700540544 /* SwitchDataEntryCell.m in Sources */,
				A01671DC12AE80920056F855 /* PushControllerDataEntryCell.m in Sources */,
				A01671E112AE80A90056F855 /* PushFormDataEntryCell.m in Sources */,
				A065364012D3A52F0001D660 /* PushDateEntryCell.m in Sources */,
				A0BB5C8A12D5E87600F7E563 /* SegmentedDataEntryCell.m in Sources */,
				5FF78F3B12E795A8008EA886 /* PushTextEntryCell.m in Sources */,
				5F062F6C13774CBE00FAC388 /* PushWebViewEntryCell.m in Sources */,
				5F052D9915CBEB5300330214 /* WaitMaskController.m in Sources */,
			);
			runOnlyForDeploymentPostprocessing = 0;
		};
/* End PBXSourcesBuildPhase section */

/* Begin XCBuildConfiguration section */
		1DEB921F08733DC00010E9CD /* Debug */ = {
			isa = XCBuildConfiguration;
			buildSettings = {
				ALWAYS_SEARCH_USER_PATHS = NO;
				CLANG_ENABLE_MODULES = YES;
				CLANG_ENABLE_OBJC_ARC = YES;
				CLANG_WARN_OBJCPP_ARC_ABI = YES;
				COPY_PHASE_STRIP = NO;
				DSTROOT = /tmp/UIXML.dst;
				GCC_DYNAMIC_NO_PIC = NO;
				GCC_MODEL_TUNING = G5;
				GCC_OPTIMIZATION_LEVEL = 0;
				GCC_PRECOMPILE_PREFIX_HEADER = YES;
				GCC_PREFIX_HEADER = UIXML_Prefix.pch;
				GCC_VERSION = com.apple.compilers.llvm.clang.1_0;
				INSTALL_PATH = /usr/local/lib;
				LD_RUNPATH_SEARCH_PATHS = "$(inherited) @executable_path/Frameworks @loader_path/Frameworks";
				ONLY_ACTIVE_ARCH = YES;
				OTHER_LDFLAGS = "";
				PRODUCT_NAME = UIXML;
				SDKROOT = iphoneos;
				SWIFT_OBJC_BRIDGING_HEADER = "UIXML-Bridging-Header.h";
				SWIFT_OPTIMIZATION_LEVEL = "-Onone";
				SWIFT_VERSION = 3.0;
			};
			name = Debug;
		};
		1DEB922008733DC00010E9CD /* Release */ = {
			isa = XCBuildConfiguration;
			buildSettings = {
				ALWAYS_SEARCH_USER_PATHS = NO;
				CLANG_ENABLE_MODULES = YES;
				CLANG_ENABLE_OBJC_ARC = YES;
				CLANG_WARN_OBJCPP_ARC_ABI = YES;
				DSTROOT = /tmp/UIXML.dst;
				GCC_MODEL_TUNING = G5;
				GCC_PRECOMPILE_PREFIX_HEADER = YES;
				GCC_PREFIX_HEADER = UIXML_Prefix.pch;
				GCC_VERSION = com.apple.compilers.llvm.clang.1_0;
				INSTALL_PATH = /usr/local/lib;
				LD_RUNPATH_SEARCH_PATHS = "$(inherited) @executable_path/Frameworks @loader_path/Frameworks";
				ONLY_ACTIVE_ARCH = YES;
				OTHER_LDFLAGS = "";
				PRODUCT_NAME = UIXML;
				SDKROOT = iphoneos;
				SWIFT_OBJC_BRIDGING_HEADER = "UIXML-Bridging-Header.h";
				SWIFT_VERSION = 3.0;
			};
			name = Release;
		};
		1DEB922308733DC00010E9CD /* Debug */ = {
			isa = XCBuildConfiguration;
			buildSettings = {
				CLANG_ANALYZER_LOCALIZABILITY_NONLOCALIZED = YES;
				CLANG_ENABLE_OBJC_ARC = YES;
				CLANG_WARN_BLOCK_CAPTURE_AUTORELEASING = YES;
				CLANG_WARN_BOOL_CONVERSION = YES;
				CLANG_WARN_COMMA = YES;
				CLANG_WARN_CONSTANT_CONVERSION = YES;
				CLANG_WARN_EMPTY_BODY = YES;
				CLANG_WARN_ENUM_CONVERSION = YES;
				CLANG_WARN_INFINITE_RECURSION = YES;
				CLANG_WARN_INT_CONVERSION = YES;
				CLANG_WARN_NON_LITERAL_NULL_CONVERSION = YES;
				CLANG_WARN_OBJCPP_ARC_ABI = YES;
				CLANG_WARN_OBJC_LITERAL_CONVERSION = YES;
				CLANG_WARN_RANGE_LOOP_ANALYSIS = YES;
				CLANG_WARN_STRICT_PROTOTYPES = YES;
				CLANG_WARN_SUSPICIOUS_MOVE = YES;
				CLANG_WARN_UNREACHABLE_CODE = YES;
				CLANG_WARN__DUPLICATE_METHOD_MATCH = YES;
				ENABLE_STRICT_OBJC_MSGSEND = YES;
				ENABLE_TESTABILITY = YES;
				GCC_C_LANGUAGE_STANDARD = c99;
				GCC_NO_COMMON_BLOCKS = YES;
				GCC_OPTIMIZATION_LEVEL = 0;
				GCC_PRECOMPILE_PREFIX_HEADER = NO;
				GCC_VERSION = com.apple.compilers.llvm.clang.1_0;
				GCC_WARN_64_TO_32_BIT_CONVERSION = YES;
				GCC_WARN_ABOUT_RETURN_TYPE = YES;
				GCC_WARN_UNDECLARED_SELECTOR = YES;
				GCC_WARN_UNINITIALIZED_AUTOS = YES;
				GCC_WARN_UNUSED_FUNCTION = YES;
				GCC_WARN_UNUSED_VARIABLE = YES;
				IPHONEOS_DEPLOYMENT_TARGET = 9.3;
				ONLY_ACTIVE_ARCH = YES;
				OTHER_LDFLAGS = "";
				PRECOMPS_INCLUDE_HEADERS_FROM_BUILT_PRODUCTS_DIR = YES;
				SDKROOT = iphoneos;
			};
			name = Debug;
		};
		1DEB922408733DC00010E9CD /* Release */ = {
			isa = XCBuildConfiguration;
			buildSettings = {
				CLANG_ANALYZER_LOCALIZABILITY_NONLOCALIZED = YES;
				CLANG_ENABLE_OBJC_ARC = YES;
				CLANG_WARN_BLOCK_CAPTURE_AUTORELEASING = YES;
				CLANG_WARN_BOOL_CONVERSION = YES;
				CLANG_WARN_COMMA = YES;
				CLANG_WARN_CONSTANT_CONVERSION = YES;
				CLANG_WARN_EMPTY_BODY = YES;
				CLANG_WARN_ENUM_CONVERSION = YES;
				CLANG_WARN_INFINITE_RECURSION = YES;
				CLANG_WARN_INT_CONVERSION = YES;
				CLANG_WARN_NON_LITERAL_NULL_CONVERSION = YES;
				CLANG_WARN_OBJCPP_ARC_ABI = YES;
				CLANG_WARN_OBJC_LITERAL_CONVERSION = YES;
				CLANG_WARN_RANGE_LOOP_ANALYSIS = YES;
				CLANG_WARN_STRICT_PROTOTYPES = YES;
				CLANG_WARN_SUSPICIOUS_MOVE = YES;
				CLANG_WARN_UNREACHABLE_CODE = YES;
				CLANG_WARN__DUPLICATE_METHOD_MATCH = YES;
				ENABLE_STRICT_OBJC_MSGSEND = YES;
				GCC_C_LANGUAGE_STANDARD = c99;
				GCC_NO_COMMON_BLOCKS = YES;
				GCC_PRECOMPILE_PREFIX_HEADER = NO;
				GCC_VERSION = com.apple.compilers.llvm.clang.1_0;
				GCC_WARN_64_TO_32_BIT_CONVERSION = YES;
				GCC_WARN_ABOUT_RETURN_TYPE = YES;
				GCC_WARN_UNDECLARED_SELECTOR = YES;
				GCC_WARN_UNINITIALIZED_AUTOS = YES;
				GCC_WARN_UNUSED_FUNCTION = YES;
				GCC_WARN_UNUSED_VARIABLE = YES;
				IPHONEOS_DEPLOYMENT_TARGET = 9.3;
				OTHER_LDFLAGS = "";
				PRECOMPS_INCLUDE_HEADERS_FROM_BUILT_PRODUCTS_DIR = YES;
				SDKROOT = iphoneos;
			};
			name = Release;
		};
/* End XCBuildConfiguration section */

/* Begin XCConfigurationList section */
		1DEB921E08733DC00010E9CD /* Build configuration list for PBXNativeTarget "UIXML" */ = {
			isa = XCConfigurationList;
			buildConfigurations = (
				1DEB921F08733DC00010E9CD /* Debug */,
				1DEB922008733DC00010E9CD /* Release */,
			);
			defaultConfigurationIsVisible = 0;
			defaultConfigurationName = Release;
		};
		1DEB922208733DC00010E9CD /* Build configuration list for PBXProject "UIXML" */ = {
			isa = XCConfigurationList;
			buildConfigurations = (
				1DEB922308733DC00010E9CD /* Debug */,
				1DEB922408733DC00010E9CD /* Release */,
			);
			defaultConfigurationIsVisible = 0;
			defaultConfigurationName = Release;
		};
/* End XCConfigurationList section */
	};
	rootObject = 0867D690FE84028FC02AAC07 /* Project object */;
}
